// !$*UTF8*$!
{
	archiveVersion = 1;
	classes = {
	};
	objectVersion = 51;
	objects = {

/* Begin PBXBuildFile section */
		1893889125F1EFA000F57E85 /* AppDelegate.swift in Sources */ = {isa = PBXBuildFile; fileRef = 1893889025F1EFA000F57E85 /* AppDelegate.swift */; };
		1893889525F1EFA000F57E85 /* ViewController.swift in Sources */ = {isa = PBXBuildFile; fileRef = 1893889425F1EFA000F57E85 /* ViewController.swift */; };
		1893889A25F1EFA200F57E85 /* Assets.xcassets in Resources */ = {isa = PBXBuildFile; fileRef = 1893889925F1EFA200F57E85 /* Assets.xcassets */; };
		1893889D25F1EFA200F57E85 /* LaunchScreen.storyboard in Resources */ = {isa = PBXBuildFile; fileRef = 1893889B25F1EFA200F57E85 /* LaunchScreen.storyboard */; };
		189388A825F1EFA300F57E85 /* DoubtNutTests.swift in Sources */ = {isa = PBXBuildFile; fileRef = 189388A725F1EFA300F57E85 /* DoubtNutTests.swift */; };
		189388B325F1EFA300F57E85 /* DoubtNutUITests.swift in Sources */ = {isa = PBXBuildFile; fileRef = 189388B225F1EFA300F57E85 /* DoubtNutUITests.swift */; };
		189388E125F1F04700F57E85 /* Lato-Light.ttf in Resources */ = {isa = PBXBuildFile; fileRef = 189388CD25F1F04500F57E85 /* Lato-Light.ttf */; };
		189388E225F1F04700F57E85 /* Lato-HairlineItalic.ttf in Resources */ = {isa = PBXBuildFile; fileRef = 189388CE25F1F04500F57E85 /* Lato-HairlineItalic.ttf */; };
		189388E325F1F04700F57E85 /* Lato-Italic.ttf in Resources */ = {isa = PBXBuildFile; fileRef = 189388CF25F1F04600F57E85 /* Lato-Italic.ttf */; };
		189388E425F1F04700F57E85 /* Lato-Bold.ttf in Resources */ = {isa = PBXBuildFile; fileRef = 189388D025F1F04600F57E85 /* Lato-Bold.ttf */; };
		189388E525F1F04700F57E85 /* Lato-Black.ttf in Resources */ = {isa = PBXBuildFile; fileRef = 189388D125F1F04600F57E85 /* Lato-Black.ttf */; };
		189388E625F1F04700F57E85 /* Lato-BoldItalic.ttf in Resources */ = {isa = PBXBuildFile; fileRef = 189388D225F1F04600F57E85 /* Lato-BoldItalic.ttf */; };
		189388E725F1F04700F57E85 /* Lato-Heavy.ttf in Resources */ = {isa = PBXBuildFile; fileRef = 189388D325F1F04600F57E85 /* Lato-Heavy.ttf */; };
		189388E825F1F04700F57E85 /* Lato-Medium.ttf in Resources */ = {isa = PBXBuildFile; fileRef = 189388D425F1F04600F57E85 /* Lato-Medium.ttf */; };
		189388E925F1F04700F57E85 /* Lato-Semibold.ttf in Resources */ = {isa = PBXBuildFile; fileRef = 189388D525F1F04600F57E85 /* Lato-Semibold.ttf */; };
		189388EA25F1F04700F57E85 /* Lato-SemiboldItalic.ttf in Resources */ = {isa = PBXBuildFile; fileRef = 189388D625F1F04600F57E85 /* Lato-SemiboldItalic.ttf */; };
		189388EB25F1F04700F57E85 /* Lato-BlackItalic.ttf in Resources */ = {isa = PBXBuildFile; fileRef = 189388D725F1F04600F57E85 /* Lato-BlackItalic.ttf */; };
		189388EC25F1F04700F57E85 /* Lato-LightItalic.ttf in Resources */ = {isa = PBXBuildFile; fileRef = 189388D825F1F04600F57E85 /* Lato-LightItalic.ttf */; };
		189388ED25F1F04700F57E85 /* Lato-MediumItalic.ttf in Resources */ = {isa = PBXBuildFile; fileRef = 189388D925F1F04700F57E85 /* Lato-MediumItalic.ttf */; };
		189388EE25F1F04700F57E85 /* Lato-ThinItalic.ttf in Resources */ = {isa = PBXBuildFile; fileRef = 189388DA25F1F04700F57E85 /* Lato-ThinItalic.ttf */; };
		189388EF25F1F04700F57E85 /* Lato-HeavyItalic.ttf in Resources */ = {isa = PBXBuildFile; fileRef = 189388DB25F1F04700F57E85 /* Lato-HeavyItalic.ttf */; };
		189388F025F1F04700F57E85 /* BentonSans Bold.otf in Resources */ = {isa = PBXBuildFile; fileRef = 189388DC25F1F04700F57E85 /* BentonSans Bold.otf */; };
		189388F125F1F04700F57E85 /* Lato-Hairline.ttf in Resources */ = {isa = PBXBuildFile; fileRef = 189388DD25F1F04700F57E85 /* Lato-Hairline.ttf */; };
		189388F225F1F04700F57E85 /* BentonSans Bold Regular.otf in Resources */ = {isa = PBXBuildFile; fileRef = 189388DE25F1F04700F57E85 /* BentonSans Bold Regular.otf */; };
		189388F325F1F04700F57E85 /* Lato-Regular.ttf in Resources */ = {isa = PBXBuildFile; fileRef = 189388DF25F1F04700F57E85 /* Lato-Regular.ttf */; };
		189388F425F1F04700F57E85 /* Lato-Thin.ttf in Resources */ = {isa = PBXBuildFile; fileRef = 189388E025F1F04700F57E85 /* Lato-Thin.ttf */; };
		189388F925F1F05E00F57E85 /* RCustomClass.swift in Sources */ = {isa = PBXBuildFile; fileRef = 189388F825F1F05E00F57E85 /* RCustomClass.swift */; };
		189388FF25F1F09D00F57E85 /* Main.storyboard in Resources */ = {isa = PBXBuildFile; fileRef = 189388FD25F1F09D00F57E85 /* Main.storyboard */; };
		1893890925F1F0D700F57E85 /* LandingpageVC.swift in Sources */ = {isa = PBXBuildFile; fileRef = 1893890425F1F0D700F57E85 /* LandingpageVC.swift */; };
		1893890A25F1F0D700F57E85 /* GetOTPVC.swift in Sources */ = {isa = PBXBuildFile; fileRef = 1893890525F1F0D700F57E85 /* GetOTPVC.swift */; };
		1893890B25F1F0D700F57E85 /* LoginwithPincode.swift in Sources */ = {isa = PBXBuildFile; fileRef = 1893890625F1F0D700F57E85 /* LoginwithPincode.swift */; };
		1893890C25F1F0D700F57E85 /* LoginWithCodeVC.swift in Sources */ = {isa = PBXBuildFile; fileRef = 1893890725F1F0D700F57E85 /* LoginWithCodeVC.swift */; };
		1893890D25F1F0D700F57E85 /* SignUpVC.swift in Sources */ = {isa = PBXBuildFile; fileRef = 1893890825F1F0D700F57E85 /* SignUpVC.swift */; };
		1893891325F1F0F900F57E85 /* LandingPageSlider.swift in Sources */ = {isa = PBXBuildFile; fileRef = 1893891125F1F0F900F57E85 /* LandingPageSlider.swift */; };
		1893891425F1F0F900F57E85 /* LandingPageSlider.xib in Resources */ = {isa = PBXBuildFile; fileRef = 1893891225F1F0F900F57E85 /* LandingPageSlider.xib */; };
		1893896125F1FDA900F57E85 /* Endpoints.swift in Sources */ = {isa = PBXBuildFile; fileRef = 1893896025F1FDA900F57E85 /* Endpoints.swift */; };
		1893896625F1FE3D00F57E85 /* GoogleService-Info.plist in Resources */ = {isa = PBXBuildFile; fileRef = 1893896525F1FE3D00F57E85 /* GoogleService-Info.plist */; };
		7E504EC6516DF7B8A944CA36 /* Pods_DoubtNut_DoubtNutUITests.framework in Frameworks */ = {isa = PBXBuildFile; fileRef = 8268803794D4BD000DC50D2F /* Pods_DoubtNut_DoubtNutUITests.framework */; };
		D27992D82DD64B223E34007E /* Pods_DoubtNut.framework in Frameworks */ = {isa = PBXBuildFile; fileRef = 720313CAA28449B7C396C7DA /* Pods_DoubtNut.framework */; };
		E3256F3025FB70D900E37A0B /* DoYouHaveQuestVC.swift in Sources */ = {isa = PBXBuildFile; fileRef = E3256F2F25FB70D900E37A0B /* DoYouHaveQuestVC.swift */; };
		E3256F3825FB742900E37A0B /* FindNewSolutionGifVC.swift in Sources */ = {isa = PBXBuildFile; fileRef = E3256F3725FB742900E37A0B /* FindNewSolutionGifVC.swift */; };
		E3256F3D25FB778000E37A0B /* VIdeoListVC.swift in Sources */ = {isa = PBXBuildFile; fileRef = E3256F3C25FB778000E37A0B /* VIdeoListVC.swift */; };
		E3256F4B25FB796100E37A0B /* ListTableViewCell.swift in Sources */ = {isa = PBXBuildFile; fileRef = E3256F4A25FB796100E37A0B /* ListTableViewCell.swift */; };
		E3326D4D25F318BF001CC9E1 /* FlowController.swift in Sources */ = {isa = PBXBuildFile; fileRef = E3326D4C25F318BF001CC9E1 /* FlowController.swift */; };
		E3326D6A25F332C7001CC9E1 /* Home.storyboard in Resources */ = {isa = PBXBuildFile; fileRef = E3326D6925F332C7001CC9E1 /* Home.storyboard */; };
		E3326D7025F33316001CC9E1 /* DashboardVC.swift in Sources */ = {isa = PBXBuildFile; fileRef = E3326D6F25F33316001CC9E1 /* DashboardVC.swift */; };
		E33D700525F6F08F0089836A /* ACTVC.swift in Sources */ = {isa = PBXBuildFile; fileRef = E33D700425F6F08F0089836A /* ACTVC.swift */; };
		E33D700C25F6F3360089836A /* SATCVCell.swift in Sources */ = {isa = PBXBuildFile; fileRef = E33D700A25F6F3360089836A /* SATCVCell.swift */; };
		E33D700D25F6F3360089836A /* SATCVCell.xib in Resources */ = {isa = PBXBuildFile; fileRef = E33D700B25F6F3360089836A /* SATCVCell.xib */; };
		E370975525FCC915002950E0 /* AppConstant.swift in Sources */ = {isa = PBXBuildFile; fileRef = E370975425FCC915002950E0 /* AppConstant.swift */; };
		E370975A25FCCA4D002950E0 /* Utility.swift in Sources */ = {isa = PBXBuildFile; fileRef = E370975925FCCA4D002950E0 /* Utility.swift */; };
		E370977925FCE8CB002950E0 /* ThemeManager.swift in Sources */ = {isa = PBXBuildFile; fileRef = E370977825FCE8CB002950E0 /* ThemeManager.swift */; };
		E370978225FCE992002950E0 /* UIColor.swift in Sources */ = {isa = PBXBuildFile; fileRef = E370978125FCE992002950E0 /* UIColor.swift */; };
		E374FDF625FB5A9200485B00 /* Profile.storyboard in Resources */ = {isa = PBXBuildFile; fileRef = E374FDF525FB5A9200485B00 /* Profile.storyboard */; };
		E374FE0925FB5D0500485B00 /* UpdateProfileViewController.swift in Sources */ = {isa = PBXBuildFile; fileRef = E374FE0725FB5D0500485B00 /* UpdateProfileViewController.swift */; };
		E374FE0A25FB5D0500485B00 /* ProfileViewController.swift in Sources */ = {isa = PBXBuildFile; fileRef = E374FE0825FB5D0500485B00 /* ProfileViewController.swift */; };
		E37F476825F785CB0088DC08 /* SideMenuViewController.swift in Sources */ = {isa = PBXBuildFile; fileRef = E37F476725F785CB0088DC08 /* SideMenuViewController.swift */; };
		E37F477025F786350088DC08 /* SideMenuTableViewCell.xib in Resources */ = {isa = PBXBuildFile; fileRef = E37F476E25F786350088DC08 /* SideMenuTableViewCell.xib */; };
		E37F477125F786350088DC08 /* SideMenuTableViewCell.swift in Sources */ = {isa = PBXBuildFile; fileRef = E37F476F25F786350088DC08 /* SideMenuTableViewCell.swift */; };
		E37F47A825F79BF20088DC08 /* DayTrialViewController.swift in Sources */ = {isa = PBXBuildFile; fileRef = E37F47A725F79BF20088DC08 /* DayTrialViewController.swift */; };
		E38B56FC25F29DDE00CEC42D /* Extension.swift in Sources */ = {isa = PBXBuildFile; fileRef = E38B56FB25F29DDE00CEC42D /* Extension.swift */; };
		E38D96CA25F8864900D314FB /* CustomCameraVC.swift in Sources */ = {isa = PBXBuildFile; fileRef = E38D96C925F8864900D314FB /* CustomCameraVC.swift */; };
		E394E04A25F5B2330067CAEB /* Footerview.swift in Sources */ = {isa = PBXBuildFile; fileRef = E394E04925F5B2330067CAEB /* Footerview.swift */; };
		E394E05225F5B23B0067CAEB /* Footerview.xib in Resources */ = {isa = PBXBuildFile; fileRef = E394E05125F5B23B0067CAEB /* Footerview.xib */; };
		E394E0A225F5C3C90067CAEB /* MathCVCell.swift in Sources */ = {isa = PBXBuildFile; fileRef = E394E0A025F5C3C90067CAEB /* MathCVCell.swift */; };
		E394E0A325F5C3C90067CAEB /* MathCVCell.xib in Resources */ = {isa = PBXBuildFile; fileRef = E394E0A125F5C3C90067CAEB /* MathCVCell.xib */; };
		E3A75FBF25F66646009B7664 /* SATVC.swift in Sources */ = {isa = PBXBuildFile; fileRef = E3A75FBE25F66646009B7664 /* SATVC.swift */; };
		E3B6AF7E25F9CFB200E5EB25 /* match page loader_2.json in Resources */ = {isa = PBXBuildFile; fileRef = E3B6AF7D25F9CFB200E5EB25 /* match page loader_2.json */; };
		E3B6AF9025F9D1C900E5EB25 /* loader_1.json in Resources */ = {isa = PBXBuildFile; fileRef = E3B6AF8F25F9D1C900E5EB25 /* loader_1.json */; };
		E3B6AF9525F9D23000E5EB25 /* ios onboard.json in Resources */ = {isa = PBXBuildFile; fileRef = E3B6AF9425F9D23000E5EB25 /* ios onboard.json */; };
		E3B6AFCB25F9D27800E5EB25 /* seq_0_4.jpg in Resources */ = {isa = PBXBuildFile; fileRef = E3B6AF9A25F9D27400E5EB25 /* seq_0_4.jpg */; };
		E3B6AFCC25F9D27800E5EB25 /* seq_0_0.jpg in Resources */ = {isa = PBXBuildFile; fileRef = E3B6AF9B25F9D27400E5EB25 /* seq_0_0.jpg */; };
		E3B6AFCD25F9D27800E5EB25 /* seq_0_1.jpg in Resources */ = {isa = PBXBuildFile; fileRef = E3B6AF9C25F9D27400E5EB25 /* seq_0_1.jpg */; };
		E3B6AFCE25F9D27800E5EB25 /* seq_0_9.jpg in Resources */ = {isa = PBXBuildFile; fileRef = E3B6AF9D25F9D27400E5EB25 /* seq_0_9.jpg */; };
		E3B6AFCF25F9D27800E5EB25 /* seq_0_36.jpg in Resources */ = {isa = PBXBuildFile; fileRef = E3B6AF9E25F9D27400E5EB25 /* seq_0_36.jpg */; };
		E3B6AFD025F9D27800E5EB25 /* seq_0_28.jpg in Resources */ = {isa = PBXBuildFile; fileRef = E3B6AF9F25F9D27400E5EB25 /* seq_0_28.jpg */; };
		E3B6AFD125F9D27800E5EB25 /* seq_0_37.jpg in Resources */ = {isa = PBXBuildFile; fileRef = E3B6AFA025F9D27500E5EB25 /* seq_0_37.jpg */; };
		E3B6AFD225F9D27800E5EB25 /* seq_0_18.jpg in Resources */ = {isa = PBXBuildFile; fileRef = E3B6AFA125F9D27500E5EB25 /* seq_0_18.jpg */; };
		E3B6AFD325F9D27800E5EB25 /* seq_0_24.jpg in Resources */ = {isa = PBXBuildFile; fileRef = E3B6AFA225F9D27500E5EB25 /* seq_0_24.jpg */; };
		E3B6AFD425F9D27800E5EB25 /* seq_0_16.jpg in Resources */ = {isa = PBXBuildFile; fileRef = E3B6AFA325F9D27500E5EB25 /* seq_0_16.jpg */; };
		E3B6AFD525F9D27800E5EB25 /* seq_0_15.jpg in Resources */ = {isa = PBXBuildFile; fileRef = E3B6AFA425F9D27500E5EB25 /* seq_0_15.jpg */; };
		E3B6AFD625F9D27800E5EB25 /* img_5.png in Resources */ = {isa = PBXBuildFile; fileRef = E3B6AFA525F9D27500E5EB25 /* img_5.png */; };
		E3B6AFD725F9D27800E5EB25 /* img_6.png in Resources */ = {isa = PBXBuildFile; fileRef = E3B6AFA625F9D27500E5EB25 /* img_6.png */; };
		E3B6AFD825F9D27800E5EB25 /* seq_0_3.jpg in Resources */ = {isa = PBXBuildFile; fileRef = E3B6AFA725F9D27500E5EB25 /* seq_0_3.jpg */; };
		E3B6AFD925F9D27800E5EB25 /* seq_0_19.jpg in Resources */ = {isa = PBXBuildFile; fileRef = E3B6AFA825F9D27500E5EB25 /* seq_0_19.jpg */; };
		E3B6AFDA25F9D27800E5EB25 /* seq_0_38.jpg in Resources */ = {isa = PBXBuildFile; fileRef = E3B6AFA925F9D27500E5EB25 /* seq_0_38.jpg */; };
		E3B6AFDB25F9D27800E5EB25 /* seq_0_12.jpg in Resources */ = {isa = PBXBuildFile; fileRef = E3B6AFAA25F9D27500E5EB25 /* seq_0_12.jpg */; };
		E3B6AFDC25F9D27800E5EB25 /* seq_0_32.jpg in Resources */ = {isa = PBXBuildFile; fileRef = E3B6AFAB25F9D27500E5EB25 /* seq_0_32.jpg */; };
		E3B6AFDD25F9D27800E5EB25 /* seq_0_2.jpg in Resources */ = {isa = PBXBuildFile; fileRef = E3B6AFAC25F9D27500E5EB25 /* seq_0_2.jpg */; };
		E3B6AFDE25F9D27800E5EB25 /* seq_0_33.jpg in Resources */ = {isa = PBXBuildFile; fileRef = E3B6AFAD25F9D27600E5EB25 /* seq_0_33.jpg */; };
		E3B6AFDF25F9D27800E5EB25 /* seq_0_23.jpg in Resources */ = {isa = PBXBuildFile; fileRef = E3B6AFAE25F9D27600E5EB25 /* seq_0_23.jpg */; };
		E3B6AFE025F9D27800E5EB25 /* seq_0_31.jpg in Resources */ = {isa = PBXBuildFile; fileRef = E3B6AFAF25F9D27600E5EB25 /* seq_0_31.jpg */; };
		E3B6AFE125F9D27800E5EB25 /* seq_0_5.jpg in Resources */ = {isa = PBXBuildFile; fileRef = E3B6AFB025F9D27600E5EB25 /* seq_0_5.jpg */; };
		E3B6AFE225F9D27800E5EB25 /* seq_0_13.jpg in Resources */ = {isa = PBXBuildFile; fileRef = E3B6AFB125F9D27600E5EB25 /* seq_0_13.jpg */; };
		E3B6AFE325F9D27800E5EB25 /* img_9.png in Resources */ = {isa = PBXBuildFile; fileRef = E3B6AFB225F9D27600E5EB25 /* img_9.png */; };
		E3B6AFE425F9D27800E5EB25 /* seq_0_30.jpg in Resources */ = {isa = PBXBuildFile; fileRef = E3B6AFB325F9D27600E5EB25 /* seq_0_30.jpg */; };
		E3B6AFE525F9D27800E5EB25 /* seq_0_27.jpg in Resources */ = {isa = PBXBuildFile; fileRef = E3B6AFB425F9D27600E5EB25 /* seq_0_27.jpg */; };
		E3B6AFE625F9D27800E5EB25 /* seq_0_7.jpg in Resources */ = {isa = PBXBuildFile; fileRef = E3B6AFB525F9D27600E5EB25 /* seq_0_7.jpg */; };
		E3B6AFE725F9D27800E5EB25 /* img_7.png in Resources */ = {isa = PBXBuildFile; fileRef = E3B6AFB625F9D27600E5EB25 /* img_7.png */; };
		E3B6AFE825F9D27800E5EB25 /* seq_0_8.jpg in Resources */ = {isa = PBXBuildFile; fileRef = E3B6AFB725F9D27600E5EB25 /* seq_0_8.jpg */; };
		E3B6AFE925F9D27800E5EB25 /* seq_0_22.jpg in Resources */ = {isa = PBXBuildFile; fileRef = E3B6AFB825F9D27600E5EB25 /* seq_0_22.jpg */; };
		E3B6AFEA25F9D27800E5EB25 /* seq_0_26.jpg in Resources */ = {isa = PBXBuildFile; fileRef = E3B6AFB925F9D27600E5EB25 /* seq_0_26.jpg */; };
		E3B6AFEB25F9D27800E5EB25 /* seq_0_6.jpg in Resources */ = {isa = PBXBuildFile; fileRef = E3B6AFBA25F9D27700E5EB25 /* seq_0_6.jpg */; };
		E3B6AFEC25F9D27800E5EB25 /* img_8.png in Resources */ = {isa = PBXBuildFile; fileRef = E3B6AFBB25F9D27700E5EB25 /* img_8.png */; };
		E3B6AFED25F9D27800E5EB25 /* seq_0_35.jpg in Resources */ = {isa = PBXBuildFile; fileRef = E3B6AFBC25F9D27700E5EB25 /* seq_0_35.jpg */; };
		E3B6AFEE25F9D27800E5EB25 /* seq_0_29.jpg in Resources */ = {isa = PBXBuildFile; fileRef = E3B6AFBD25F9D27700E5EB25 /* seq_0_29.jpg */; };
		E3B6AFEF25F9D27800E5EB25 /* img_1.png in Resources */ = {isa = PBXBuildFile; fileRef = E3B6AFBE25F9D27700E5EB25 /* img_1.png */; };
		E3B6AFF025F9D27800E5EB25 /* seq_0_20.jpg in Resources */ = {isa = PBXBuildFile; fileRef = E3B6AFBF25F9D27700E5EB25 /* seq_0_20.jpg */; };
		E3B6AFF125F9D27800E5EB25 /* seq_0_14.jpg in Resources */ = {isa = PBXBuildFile; fileRef = E3B6AFC025F9D27700E5EB25 /* seq_0_14.jpg */; };
		E3B6AFF225F9D27800E5EB25 /* seq_0_34.jpg in Resources */ = {isa = PBXBuildFile; fileRef = E3B6AFC125F9D27700E5EB25 /* seq_0_34.jpg */; };
		E3B6AFF325F9D27800E5EB25 /* seq_0_10.jpg in Resources */ = {isa = PBXBuildFile; fileRef = E3B6AFC225F9D27700E5EB25 /* seq_0_10.jpg */; };
		E3B6AFF425F9D27800E5EB25 /* seq_0_17.jpg in Resources */ = {isa = PBXBuildFile; fileRef = E3B6AFC325F9D27700E5EB25 /* seq_0_17.jpg */; };
		E3B6AFF525F9D27800E5EB25 /* seq_0_21.jpg in Resources */ = {isa = PBXBuildFile; fileRef = E3B6AFC425F9D27700E5EB25 /* seq_0_21.jpg */; };
		E3B6AFF625F9D27800E5EB25 /* img_2.png in Resources */ = {isa = PBXBuildFile; fileRef = E3B6AFC525F9D27700E5EB25 /* img_2.png */; };
		E3B6AFF725F9D27800E5EB25 /* img_3.png in Resources */ = {isa = PBXBuildFile; fileRef = E3B6AFC625F9D27700E5EB25 /* img_3.png */; };
		E3B6AFF825F9D27800E5EB25 /* img_4.png in Resources */ = {isa = PBXBuildFile; fileRef = E3B6AFC725F9D27800E5EB25 /* img_4.png */; };
		E3B6AFF925F9D27800E5EB25 /* seq_0_25.jpg in Resources */ = {isa = PBXBuildFile; fileRef = E3B6AFC825F9D27800E5EB25 /* seq_0_25.jpg */; };
		E3B6AFFA25F9D27800E5EB25 /* img_0.jpg in Resources */ = {isa = PBXBuildFile; fileRef = E3B6AFC925F9D27800E5EB25 /* img_0.jpg */; };
		E3B6AFFB25F9D27800E5EB25 /* seq_0_11.jpg in Resources */ = {isa = PBXBuildFile; fileRef = E3B6AFCA25F9D27800E5EB25 /* seq_0_11.jpg */; };
		E3C2A52525FBDB8F00B6A9B2 /* BaseApi.swift in Sources */ = {isa = PBXBuildFile; fileRef = E3C2A52425FBDB8F00B6A9B2 /* BaseApi.swift */; };
		E3E5DA8A25F53C75006E35CC /* FreetrialView.swift in Sources */ = {isa = PBXBuildFile; fileRef = E3E5DA8925F53C75006E35CC /* FreetrialView.swift */; };
		E3E5DA9225F53C7E006E35CC /* FreetrialView.xib in Resources */ = {isa = PBXBuildFile; fileRef = E3E5DA9125F53C7E006E35CC /* FreetrialView.xib */; };
		EA814C3A304658E910F94322 /* Pods_DoubtNutTests.framework in Frameworks */ = {isa = PBXBuildFile; fileRef = DC4AC4B78C4FF59DDE557ECB /* Pods_DoubtNutTests.framework */; };
/* End PBXBuildFile section */

/* Begin PBXContainerItemProxy section */
		189388A425F1EFA300F57E85 /* PBXContainerItemProxy */ = {
			isa = PBXContainerItemProxy;
			containerPortal = 1893888525F1EFA000F57E85 /* Project object */;
			proxyType = 1;
			remoteGlobalIDString = 1893888C25F1EFA000F57E85;
			remoteInfo = DoubtNut;
		};
		189388AF25F1EFA300F57E85 /* PBXContainerItemProxy */ = {
			isa = PBXContainerItemProxy;
			containerPortal = 1893888525F1EFA000F57E85 /* Project object */;
			proxyType = 1;
			remoteGlobalIDString = 1893888C25F1EFA000F57E85;
			remoteInfo = DoubtNut;
		};
/* End PBXContainerItemProxy section */

/* Begin PBXFileReference section */
		02F817D4B72F0A1FA4B1A4F7 /* Pods-DoubtNut-DoubtNutUITests.release.xcconfig */ = {isa = PBXFileReference; includeInIndex = 1; lastKnownFileType = text.xcconfig; name = "Pods-DoubtNut-DoubtNutUITests.release.xcconfig"; path = "Target Support Files/Pods-DoubtNut-DoubtNutUITests/Pods-DoubtNut-DoubtNutUITests.release.xcconfig"; sourceTree = "<group>"; };
		1893888D25F1EFA000F57E85 /* DoubtNut.app */ = {isa = PBXFileReference; explicitFileType = wrapper.application; includeInIndex = 0; path = DoubtNut.app; sourceTree = BUILT_PRODUCTS_DIR; };
		1893889025F1EFA000F57E85 /* AppDelegate.swift */ = {isa = PBXFileReference; lastKnownFileType = sourcecode.swift; path = AppDelegate.swift; sourceTree = "<group>"; };
		1893889425F1EFA000F57E85 /* ViewController.swift */ = {isa = PBXFileReference; lastKnownFileType = sourcecode.swift; path = ViewController.swift; sourceTree = "<group>"; };
		1893889925F1EFA200F57E85 /* Assets.xcassets */ = {isa = PBXFileReference; lastKnownFileType = folder.assetcatalog; path = Assets.xcassets; sourceTree = "<group>"; };
		1893889C25F1EFA200F57E85 /* Base */ = {isa = PBXFileReference; lastKnownFileType = file.storyboard; name = Base; path = Base.lproj/LaunchScreen.storyboard; sourceTree = "<group>"; };
		1893889E25F1EFA200F57E85 /* Info.plist */ = {isa = PBXFileReference; lastKnownFileType = text.plist.xml; path = Info.plist; sourceTree = "<group>"; };
		189388A325F1EFA300F57E85 /* DoubtNutTests.xctest */ = {isa = PBXFileReference; explicitFileType = wrapper.cfbundle; includeInIndex = 0; path = DoubtNutTests.xctest; sourceTree = BUILT_PRODUCTS_DIR; };
		189388A725F1EFA300F57E85 /* DoubtNutTests.swift */ = {isa = PBXFileReference; lastKnownFileType = sourcecode.swift; path = DoubtNutTests.swift; sourceTree = "<group>"; };
		189388A925F1EFA300F57E85 /* Info.plist */ = {isa = PBXFileReference; lastKnownFileType = text.plist.xml; path = Info.plist; sourceTree = "<group>"; };
		189388AE25F1EFA300F57E85 /* DoubtNutUITests.xctest */ = {isa = PBXFileReference; explicitFileType = wrapper.cfbundle; includeInIndex = 0; path = DoubtNutUITests.xctest; sourceTree = BUILT_PRODUCTS_DIR; };
		189388B225F1EFA300F57E85 /* DoubtNutUITests.swift */ = {isa = PBXFileReference; lastKnownFileType = sourcecode.swift; path = DoubtNutUITests.swift; sourceTree = "<group>"; };
		189388B425F1EFA300F57E85 /* Info.plist */ = {isa = PBXFileReference; lastKnownFileType = text.plist.xml; path = Info.plist; sourceTree = "<group>"; };
		189388CD25F1F04500F57E85 /* Lato-Light.ttf */ = {isa = PBXFileReference; lastKnownFileType = file; path = "Lato-Light.ttf"; sourceTree = "<group>"; };
		189388CE25F1F04500F57E85 /* Lato-HairlineItalic.ttf */ = {isa = PBXFileReference; lastKnownFileType = file; path = "Lato-HairlineItalic.ttf"; sourceTree = "<group>"; };
		189388CF25F1F04600F57E85 /* Lato-Italic.ttf */ = {isa = PBXFileReference; lastKnownFileType = file; path = "Lato-Italic.ttf"; sourceTree = "<group>"; };
		189388D025F1F04600F57E85 /* Lato-Bold.ttf */ = {isa = PBXFileReference; lastKnownFileType = file; path = "Lato-Bold.ttf"; sourceTree = "<group>"; };
		189388D125F1F04600F57E85 /* Lato-Black.ttf */ = {isa = PBXFileReference; lastKnownFileType = file; path = "Lato-Black.ttf"; sourceTree = "<group>"; };
		189388D225F1F04600F57E85 /* Lato-BoldItalic.ttf */ = {isa = PBXFileReference; lastKnownFileType = file; path = "Lato-BoldItalic.ttf"; sourceTree = "<group>"; };
		189388D325F1F04600F57E85 /* Lato-Heavy.ttf */ = {isa = PBXFileReference; lastKnownFileType = file; path = "Lato-Heavy.ttf"; sourceTree = "<group>"; };
		189388D425F1F04600F57E85 /* Lato-Medium.ttf */ = {isa = PBXFileReference; lastKnownFileType = file; path = "Lato-Medium.ttf"; sourceTree = "<group>"; };
		189388D525F1F04600F57E85 /* Lato-Semibold.ttf */ = {isa = PBXFileReference; lastKnownFileType = file; path = "Lato-Semibold.ttf"; sourceTree = "<group>"; };
		189388D625F1F04600F57E85 /* Lato-SemiboldItalic.ttf */ = {isa = PBXFileReference; lastKnownFileType = file; path = "Lato-SemiboldItalic.ttf"; sourceTree = "<group>"; };
		189388D725F1F04600F57E85 /* Lato-BlackItalic.ttf */ = {isa = PBXFileReference; lastKnownFileType = file; path = "Lato-BlackItalic.ttf"; sourceTree = "<group>"; };
		189388D825F1F04600F57E85 /* Lato-LightItalic.ttf */ = {isa = PBXFileReference; lastKnownFileType = file; path = "Lato-LightItalic.ttf"; sourceTree = "<group>"; };
		189388D925F1F04700F57E85 /* Lato-MediumItalic.ttf */ = {isa = PBXFileReference; lastKnownFileType = file; path = "Lato-MediumItalic.ttf"; sourceTree = "<group>"; };
		189388DA25F1F04700F57E85 /* Lato-ThinItalic.ttf */ = {isa = PBXFileReference; lastKnownFileType = file; path = "Lato-ThinItalic.ttf"; sourceTree = "<group>"; };
		189388DB25F1F04700F57E85 /* Lato-HeavyItalic.ttf */ = {isa = PBXFileReference; lastKnownFileType = file; path = "Lato-HeavyItalic.ttf"; sourceTree = "<group>"; };
		189388DC25F1F04700F57E85 /* BentonSans Bold.otf */ = {isa = PBXFileReference; lastKnownFileType = file; path = "BentonSans Bold.otf"; sourceTree = "<group>"; };
		189388DD25F1F04700F57E85 /* Lato-Hairline.ttf */ = {isa = PBXFileReference; lastKnownFileType = file; path = "Lato-Hairline.ttf"; sourceTree = "<group>"; };
		189388DE25F1F04700F57E85 /* BentonSans Bold Regular.otf */ = {isa = PBXFileReference; lastKnownFileType = file; path = "BentonSans Bold Regular.otf"; sourceTree = "<group>"; };
		189388DF25F1F04700F57E85 /* Lato-Regular.ttf */ = {isa = PBXFileReference; lastKnownFileType = file; path = "Lato-Regular.ttf"; sourceTree = "<group>"; };
		189388E025F1F04700F57E85 /* Lato-Thin.ttf */ = {isa = PBXFileReference; lastKnownFileType = file; path = "Lato-Thin.ttf"; sourceTree = "<group>"; };
		189388F825F1F05E00F57E85 /* RCustomClass.swift */ = {isa = PBXFileReference; fileEncoding = 4; lastKnownFileType = sourcecode.swift; path = RCustomClass.swift; sourceTree = "<group>"; };
		189388FE25F1F09D00F57E85 /* Base */ = {isa = PBXFileReference; lastKnownFileType = file.storyboard; name = Base; path = Base.lproj/Main.storyboard; sourceTree = "<group>"; };
		1893890425F1F0D700F57E85 /* LandingpageVC.swift */ = {isa = PBXFileReference; fileEncoding = 4; lastKnownFileType = sourcecode.swift; path = LandingpageVC.swift; sourceTree = "<group>"; };
		1893890525F1F0D700F57E85 /* GetOTPVC.swift */ = {isa = PBXFileReference; fileEncoding = 4; lastKnownFileType = sourcecode.swift; path = GetOTPVC.swift; sourceTree = "<group>"; };
		1893890625F1F0D700F57E85 /* LoginwithPincode.swift */ = {isa = PBXFileReference; fileEncoding = 4; lastKnownFileType = sourcecode.swift; path = LoginwithPincode.swift; sourceTree = "<group>"; };
		1893890725F1F0D700F57E85 /* LoginWithCodeVC.swift */ = {isa = PBXFileReference; fileEncoding = 4; lastKnownFileType = sourcecode.swift; path = LoginWithCodeVC.swift; sourceTree = "<group>"; };
		1893890825F1F0D700F57E85 /* SignUpVC.swift */ = {isa = PBXFileReference; fileEncoding = 4; lastKnownFileType = sourcecode.swift; path = SignUpVC.swift; sourceTree = "<group>"; };
		1893891125F1F0F900F57E85 /* LandingPageSlider.swift */ = {isa = PBXFileReference; fileEncoding = 4; lastKnownFileType = sourcecode.swift; path = LandingPageSlider.swift; sourceTree = "<group>"; };
		1893891225F1F0F900F57E85 /* LandingPageSlider.xib */ = {isa = PBXFileReference; fileEncoding = 4; lastKnownFileType = file.xib; path = LandingPageSlider.xib; sourceTree = "<group>"; };
		1893896025F1FDA900F57E85 /* Endpoints.swift */ = {isa = PBXFileReference; lastKnownFileType = sourcecode.swift; path = Endpoints.swift; sourceTree = "<group>"; };
		1893896525F1FE3D00F57E85 /* GoogleService-Info.plist */ = {isa = PBXFileReference; fileEncoding = 4; lastKnownFileType = text.plist.xml; path = "GoogleService-Info.plist"; sourceTree = "<group>"; };
		1893897025F202DC00F57E85 /* DoubtNut.entitlements */ = {isa = PBXFileReference; lastKnownFileType = text.plist.entitlements; path = DoubtNut.entitlements; sourceTree = "<group>"; };
		712C47300D8441315D7C3B2C /* Pods-DoubtNut.release.xcconfig */ = {isa = PBXFileReference; includeInIndex = 1; lastKnownFileType = text.xcconfig; name = "Pods-DoubtNut.release.xcconfig"; path = "Target Support Files/Pods-DoubtNut/Pods-DoubtNut.release.xcconfig"; sourceTree = "<group>"; };
		720313CAA28449B7C396C7DA /* Pods_DoubtNut.framework */ = {isa = PBXFileReference; explicitFileType = wrapper.framework; includeInIndex = 0; path = Pods_DoubtNut.framework; sourceTree = BUILT_PRODUCTS_DIR; };
		8268803794D4BD000DC50D2F /* Pods_DoubtNut_DoubtNutUITests.framework */ = {isa = PBXFileReference; explicitFileType = wrapper.framework; includeInIndex = 0; path = Pods_DoubtNut_DoubtNutUITests.framework; sourceTree = BUILT_PRODUCTS_DIR; };
		9CA929D2A63DB75BE794A2EE /* Pods-DoubtNut.debug.xcconfig */ = {isa = PBXFileReference; includeInIndex = 1; lastKnownFileType = text.xcconfig; name = "Pods-DoubtNut.debug.xcconfig"; path = "Target Support Files/Pods-DoubtNut/Pods-DoubtNut.debug.xcconfig"; sourceTree = "<group>"; };
		9CEAD305208C9F678B8017A4 /* Pods-DoubtNutTests.release.xcconfig */ = {isa = PBXFileReference; includeInIndex = 1; lastKnownFileType = text.xcconfig; name = "Pods-DoubtNutTests.release.xcconfig"; path = "Target Support Files/Pods-DoubtNutTests/Pods-DoubtNutTests.release.xcconfig"; sourceTree = "<group>"; };
		DC4AC4B78C4FF59DDE557ECB /* Pods_DoubtNutTests.framework */ = {isa = PBXFileReference; explicitFileType = wrapper.framework; includeInIndex = 0; path = Pods_DoubtNutTests.framework; sourceTree = BUILT_PRODUCTS_DIR; };
		E0DDADA5D2ACB1B7A6655A85 /* Pods-DoubtNutTests.debug.xcconfig */ = {isa = PBXFileReference; includeInIndex = 1; lastKnownFileType = text.xcconfig; name = "Pods-DoubtNutTests.debug.xcconfig"; path = "Target Support Files/Pods-DoubtNutTests/Pods-DoubtNutTests.debug.xcconfig"; sourceTree = "<group>"; };
		E3256F2F25FB70D900E37A0B /* DoYouHaveQuestVC.swift */ = {isa = PBXFileReference; lastKnownFileType = sourcecode.swift; path = DoYouHaveQuestVC.swift; sourceTree = "<group>"; };
		E3256F3725FB742900E37A0B /* FindNewSolutionGifVC.swift */ = {isa = PBXFileReference; lastKnownFileType = sourcecode.swift; path = FindNewSolutionGifVC.swift; sourceTree = "<group>"; };
		E3256F3C25FB778000E37A0B /* VIdeoListVC.swift */ = {isa = PBXFileReference; lastKnownFileType = sourcecode.swift; path = VIdeoListVC.swift; sourceTree = "<group>"; };
		E3256F4A25FB796100E37A0B /* ListTableViewCell.swift */ = {isa = PBXFileReference; lastKnownFileType = sourcecode.swift; path = ListTableViewCell.swift; sourceTree = "<group>"; };
		E3326D4C25F318BF001CC9E1 /* FlowController.swift */ = {isa = PBXFileReference; lastKnownFileType = sourcecode.swift; path = FlowController.swift; sourceTree = "<group>"; };
		E3326D6925F332C7001CC9E1 /* Home.storyboard */ = {isa = PBXFileReference; lastKnownFileType = file.storyboard; path = Home.storyboard; sourceTree = "<group>"; };
		E3326D6F25F33316001CC9E1 /* DashboardVC.swift */ = {isa = PBXFileReference; lastKnownFileType = sourcecode.swift; path = DashboardVC.swift; sourceTree = "<group>"; };
		E33D700425F6F08F0089836A /* ACTVC.swift */ = {isa = PBXFileReference; lastKnownFileType = sourcecode.swift; path = ACTVC.swift; sourceTree = "<group>"; };
		E33D700A25F6F3360089836A /* SATCVCell.swift */ = {isa = PBXFileReference; lastKnownFileType = sourcecode.swift; path = SATCVCell.swift; sourceTree = "<group>"; };
		E33D700B25F6F3360089836A /* SATCVCell.xib */ = {isa = PBXFileReference; lastKnownFileType = file.xib; path = SATCVCell.xib; sourceTree = "<group>"; };
		E370975425FCC915002950E0 /* AppConstant.swift */ = {isa = PBXFileReference; lastKnownFileType = sourcecode.swift; path = AppConstant.swift; sourceTree = "<group>"; };
		E370975925FCCA4D002950E0 /* Utility.swift */ = {isa = PBXFileReference; lastKnownFileType = sourcecode.swift; path = Utility.swift; sourceTree = "<group>"; };
		E370977825FCE8CB002950E0 /* ThemeManager.swift */ = {isa = PBXFileReference; lastKnownFileType = sourcecode.swift; path = ThemeManager.swift; sourceTree = "<group>"; };
		E370978125FCE992002950E0 /* UIColor.swift */ = {isa = PBXFileReference; lastKnownFileType = sourcecode.swift; path = UIColor.swift; sourceTree = "<group>"; };
		E374FDF525FB5A9200485B00 /* Profile.storyboard */ = {isa = PBXFileReference; lastKnownFileType = file.storyboard; path = Profile.storyboard; sourceTree = "<group>"; };
		E374FE0725FB5D0500485B00 /* UpdateProfileViewController.swift */ = {isa = PBXFileReference; fileEncoding = 4; lastKnownFileType = sourcecode.swift; path = UpdateProfileViewController.swift; sourceTree = "<group>"; };
		E374FE0825FB5D0500485B00 /* ProfileViewController.swift */ = {isa = PBXFileReference; fileEncoding = 4; lastKnownFileType = sourcecode.swift; path = ProfileViewController.swift; sourceTree = "<group>"; };
		E37F476725F785CB0088DC08 /* SideMenuViewController.swift */ = {isa = PBXFileReference; fileEncoding = 4; lastKnownFileType = sourcecode.swift; path = SideMenuViewController.swift; sourceTree = "<group>"; };
		E37F476E25F786350088DC08 /* SideMenuTableViewCell.xib */ = {isa = PBXFileReference; fileEncoding = 4; lastKnownFileType = file.xib; name = SideMenuTableViewCell.xib; path = DoubtNut/Views/TableviewCell/SideMenuTableViewCell.xib; sourceTree = SOURCE_ROOT; };
		E37F476F25F786350088DC08 /* SideMenuTableViewCell.swift */ = {isa = PBXFileReference; fileEncoding = 4; lastKnownFileType = sourcecode.swift; name = SideMenuTableViewCell.swift; path = DoubtNut/Views/TableviewCell/SideMenuTableViewCell.swift; sourceTree = SOURCE_ROOT; };
		E37F47A725F79BF20088DC08 /* DayTrialViewController.swift */ = {isa = PBXFileReference; lastKnownFileType = sourcecode.swift; path = DayTrialViewController.swift; sourceTree = "<group>"; };
		E38B56FB25F29DDE00CEC42D /* Extension.swift */ = {isa = PBXFileReference; lastKnownFileType = sourcecode.swift; path = Extension.swift; sourceTree = "<group>"; };
		E38D96C925F8864900D314FB /* CustomCameraVC.swift */ = {isa = PBXFileReference; lastKnownFileType = sourcecode.swift; path = CustomCameraVC.swift; sourceTree = "<group>"; };
		E394E04925F5B2330067CAEB /* Footerview.swift */ = {isa = PBXFileReference; lastKnownFileType = sourcecode.swift; path = Footerview.swift; sourceTree = "<group>"; };
		E394E05125F5B23B0067CAEB /* Footerview.xib */ = {isa = PBXFileReference; lastKnownFileType = file.xib; path = Footerview.xib; sourceTree = "<group>"; };
		E394E0A025F5C3C90067CAEB /* MathCVCell.swift */ = {isa = PBXFileReference; lastKnownFileType = sourcecode.swift; path = MathCVCell.swift; sourceTree = "<group>"; };
		E394E0A125F5C3C90067CAEB /* MathCVCell.xib */ = {isa = PBXFileReference; lastKnownFileType = file.xib; path = MathCVCell.xib; sourceTree = "<group>"; };
		E3A75FBE25F66646009B7664 /* SATVC.swift */ = {isa = PBXFileReference; lastKnownFileType = sourcecode.swift; path = SATVC.swift; sourceTree = "<group>"; };
		E3B6AF7D25F9CFB200E5EB25 /* match page loader_2.json */ = {isa = PBXFileReference; fileEncoding = 4; lastKnownFileType = text.json; path = "match page loader_2.json"; sourceTree = "<group>"; };
		E3B6AF8F25F9D1C900E5EB25 /* loader_1.json */ = {isa = PBXFileReference; fileEncoding = 4; lastKnownFileType = text.json; path = loader_1.json; sourceTree = "<group>"; };
		E3B6AF9425F9D23000E5EB25 /* ios onboard.json */ = {isa = PBXFileReference; fileEncoding = 4; lastKnownFileType = text.json; path = "ios onboard.json"; sourceTree = "<group>"; };
		E3B6AF9A25F9D27400E5EB25 /* seq_0_4.jpg */ = {isa = PBXFileReference; lastKnownFileType = image.jpeg; path = seq_0_4.jpg; sourceTree = "<group>"; };
		E3B6AF9B25F9D27400E5EB25 /* seq_0_0.jpg */ = {isa = PBXFileReference; lastKnownFileType = image.jpeg; path = seq_0_0.jpg; sourceTree = "<group>"; };
		E3B6AF9C25F9D27400E5EB25 /* seq_0_1.jpg */ = {isa = PBXFileReference; lastKnownFileType = image.jpeg; path = seq_0_1.jpg; sourceTree = "<group>"; };
		E3B6AF9D25F9D27400E5EB25 /* seq_0_9.jpg */ = {isa = PBXFileReference; lastKnownFileType = image.jpeg; path = seq_0_9.jpg; sourceTree = "<group>"; };
		E3B6AF9E25F9D27400E5EB25 /* seq_0_36.jpg */ = {isa = PBXFileReference; lastKnownFileType = image.jpeg; path = seq_0_36.jpg; sourceTree = "<group>"; };
		E3B6AF9F25F9D27400E5EB25 /* seq_0_28.jpg */ = {isa = PBXFileReference; lastKnownFileType = image.jpeg; path = seq_0_28.jpg; sourceTree = "<group>"; };
		E3B6AFA025F9D27500E5EB25 /* seq_0_37.jpg */ = {isa = PBXFileReference; lastKnownFileType = image.jpeg; path = seq_0_37.jpg; sourceTree = "<group>"; };
		E3B6AFA125F9D27500E5EB25 /* seq_0_18.jpg */ = {isa = PBXFileReference; lastKnownFileType = image.jpeg; path = seq_0_18.jpg; sourceTree = "<group>"; };
		E3B6AFA225F9D27500E5EB25 /* seq_0_24.jpg */ = {isa = PBXFileReference; lastKnownFileType = image.jpeg; path = seq_0_24.jpg; sourceTree = "<group>"; };
		E3B6AFA325F9D27500E5EB25 /* seq_0_16.jpg */ = {isa = PBXFileReference; lastKnownFileType = image.jpeg; path = seq_0_16.jpg; sourceTree = "<group>"; };
		E3B6AFA425F9D27500E5EB25 /* seq_0_15.jpg */ = {isa = PBXFileReference; lastKnownFileType = image.jpeg; path = seq_0_15.jpg; sourceTree = "<group>"; };
		E3B6AFA525F9D27500E5EB25 /* img_5.png */ = {isa = PBXFileReference; lastKnownFileType = image.png; path = img_5.png; sourceTree = "<group>"; };
		E3B6AFA625F9D27500E5EB25 /* img_6.png */ = {isa = PBXFileReference; lastKnownFileType = image.png; path = img_6.png; sourceTree = "<group>"; };
		E3B6AFA725F9D27500E5EB25 /* seq_0_3.jpg */ = {isa = PBXFileReference; lastKnownFileType = image.jpeg; path = seq_0_3.jpg; sourceTree = "<group>"; };
		E3B6AFA825F9D27500E5EB25 /* seq_0_19.jpg */ = {isa = PBXFileReference; lastKnownFileType = image.jpeg; path = seq_0_19.jpg; sourceTree = "<group>"; };
		E3B6AFA925F9D27500E5EB25 /* seq_0_38.jpg */ = {isa = PBXFileReference; lastKnownFileType = image.jpeg; path = seq_0_38.jpg; sourceTree = "<group>"; };
		E3B6AFAA25F9D27500E5EB25 /* seq_0_12.jpg */ = {isa = PBXFileReference; lastKnownFileType = image.jpeg; path = seq_0_12.jpg; sourceTree = "<group>"; };
		E3B6AFAB25F9D27500E5EB25 /* seq_0_32.jpg */ = {isa = PBXFileReference; lastKnownFileType = image.jpeg; path = seq_0_32.jpg; sourceTree = "<group>"; };
		E3B6AFAC25F9D27500E5EB25 /* seq_0_2.jpg */ = {isa = PBXFileReference; lastKnownFileType = image.jpeg; path = seq_0_2.jpg; sourceTree = "<group>"; };
		E3B6AFAD25F9D27600E5EB25 /* seq_0_33.jpg */ = {isa = PBXFileReference; lastKnownFileType = image.jpeg; path = seq_0_33.jpg; sourceTree = "<group>"; };
		E3B6AFAE25F9D27600E5EB25 /* seq_0_23.jpg */ = {isa = PBXFileReference; lastKnownFileType = image.jpeg; path = seq_0_23.jpg; sourceTree = "<group>"; };
		E3B6AFAF25F9D27600E5EB25 /* seq_0_31.jpg */ = {isa = PBXFileReference; lastKnownFileType = image.jpeg; path = seq_0_31.jpg; sourceTree = "<group>"; };
		E3B6AFB025F9D27600E5EB25 /* seq_0_5.jpg */ = {isa = PBXFileReference; lastKnownFileType = image.jpeg; path = seq_0_5.jpg; sourceTree = "<group>"; };
		E3B6AFB125F9D27600E5EB25 /* seq_0_13.jpg */ = {isa = PBXFileReference; lastKnownFileType = image.jpeg; path = seq_0_13.jpg; sourceTree = "<group>"; };
		E3B6AFB225F9D27600E5EB25 /* img_9.png */ = {isa = PBXFileReference; lastKnownFileType = image.png; path = img_9.png; sourceTree = "<group>"; };
		E3B6AFB325F9D27600E5EB25 /* seq_0_30.jpg */ = {isa = PBXFileReference; lastKnownFileType = image.jpeg; path = seq_0_30.jpg; sourceTree = "<group>"; };
		E3B6AFB425F9D27600E5EB25 /* seq_0_27.jpg */ = {isa = PBXFileReference; lastKnownFileType = image.jpeg; path = seq_0_27.jpg; sourceTree = "<group>"; };
		E3B6AFB525F9D27600E5EB25 /* seq_0_7.jpg */ = {isa = PBXFileReference; lastKnownFileType = image.jpeg; path = seq_0_7.jpg; sourceTree = "<group>"; };
		E3B6AFB625F9D27600E5EB25 /* img_7.png */ = {isa = PBXFileReference; lastKnownFileType = image.png; path = img_7.png; sourceTree = "<group>"; };
		E3B6AFB725F9D27600E5EB25 /* seq_0_8.jpg */ = {isa = PBXFileReference; lastKnownFileType = image.jpeg; path = seq_0_8.jpg; sourceTree = "<group>"; };
		E3B6AFB825F9D27600E5EB25 /* seq_0_22.jpg */ = {isa = PBXFileReference; lastKnownFileType = image.jpeg; path = seq_0_22.jpg; sourceTree = "<group>"; };
		E3B6AFB925F9D27600E5EB25 /* seq_0_26.jpg */ = {isa = PBXFileReference; lastKnownFileType = image.jpeg; path = seq_0_26.jpg; sourceTree = "<group>"; };
		E3B6AFBA25F9D27700E5EB25 /* seq_0_6.jpg */ = {isa = PBXFileReference; lastKnownFileType = image.jpeg; path = seq_0_6.jpg; sourceTree = "<group>"; };
		E3B6AFBB25F9D27700E5EB25 /* img_8.png */ = {isa = PBXFileReference; lastKnownFileType = image.png; path = img_8.png; sourceTree = "<group>"; };
		E3B6AFBC25F9D27700E5EB25 /* seq_0_35.jpg */ = {isa = PBXFileReference; lastKnownFileType = image.jpeg; path = seq_0_35.jpg; sourceTree = "<group>"; };
		E3B6AFBD25F9D27700E5EB25 /* seq_0_29.jpg */ = {isa = PBXFileReference; lastKnownFileType = image.jpeg; path = seq_0_29.jpg; sourceTree = "<group>"; };
		E3B6AFBE25F9D27700E5EB25 /* img_1.png */ = {isa = PBXFileReference; lastKnownFileType = image.png; path = img_1.png; sourceTree = "<group>"; };
		E3B6AFBF25F9D27700E5EB25 /* seq_0_20.jpg */ = {isa = PBXFileReference; lastKnownFileType = image.jpeg; path = seq_0_20.jpg; sourceTree = "<group>"; };
		E3B6AFC025F9D27700E5EB25 /* seq_0_14.jpg */ = {isa = PBXFileReference; lastKnownFileType = image.jpeg; path = seq_0_14.jpg; sourceTree = "<group>"; };
		E3B6AFC125F9D27700E5EB25 /* seq_0_34.jpg */ = {isa = PBXFileReference; lastKnownFileType = image.jpeg; path = seq_0_34.jpg; sourceTree = "<group>"; };
		E3B6AFC225F9D27700E5EB25 /* seq_0_10.jpg */ = {isa = PBXFileReference; lastKnownFileType = image.jpeg; path = seq_0_10.jpg; sourceTree = "<group>"; };
		E3B6AFC325F9D27700E5EB25 /* seq_0_17.jpg */ = {isa = PBXFileReference; lastKnownFileType = image.jpeg; path = seq_0_17.jpg; sourceTree = "<group>"; };
		E3B6AFC425F9D27700E5EB25 /* seq_0_21.jpg */ = {isa = PBXFileReference; lastKnownFileType = image.jpeg; path = seq_0_21.jpg; sourceTree = "<group>"; };
		E3B6AFC525F9D27700E5EB25 /* img_2.png */ = {isa = PBXFileReference; lastKnownFileType = image.png; path = img_2.png; sourceTree = "<group>"; };
		E3B6AFC625F9D27700E5EB25 /* img_3.png */ = {isa = PBXFileReference; lastKnownFileType = image.png; path = img_3.png; sourceTree = "<group>"; };
		E3B6AFC725F9D27800E5EB25 /* img_4.png */ = {isa = PBXFileReference; lastKnownFileType = image.png; path = img_4.png; sourceTree = "<group>"; };
		E3B6AFC825F9D27800E5EB25 /* seq_0_25.jpg */ = {isa = PBXFileReference; lastKnownFileType = image.jpeg; path = seq_0_25.jpg; sourceTree = "<group>"; };
		E3B6AFC925F9D27800E5EB25 /* img_0.jpg */ = {isa = PBXFileReference; lastKnownFileType = image.jpeg; path = img_0.jpg; sourceTree = "<group>"; };
		E3B6AFCA25F9D27800E5EB25 /* seq_0_11.jpg */ = {isa = PBXFileReference; lastKnownFileType = image.jpeg; path = seq_0_11.jpg; sourceTree = "<group>"; };
		E3C2A52425FBDB8F00B6A9B2 /* BaseApi.swift */ = {isa = PBXFileReference; fileEncoding = 4; lastKnownFileType = sourcecode.swift; path = BaseApi.swift; sourceTree = "<group>"; };
		E3E5DA8925F53C75006E35CC /* FreetrialView.swift */ = {isa = PBXFileReference; lastKnownFileType = sourcecode.swift; path = FreetrialView.swift; sourceTree = "<group>"; };
		E3E5DA9125F53C7E006E35CC /* FreetrialView.xib */ = {isa = PBXFileReference; lastKnownFileType = file.xib; path = FreetrialView.xib; sourceTree = "<group>"; };
		ED2E96365D0673557FAF0338 /* Pods-DoubtNut-DoubtNutUITests.debug.xcconfig */ = {isa = PBXFileReference; includeInIndex = 1; lastKnownFileType = text.xcconfig; name = "Pods-DoubtNut-DoubtNutUITests.debug.xcconfig"; path = "Target Support Files/Pods-DoubtNut-DoubtNutUITests/Pods-DoubtNut-DoubtNutUITests.debug.xcconfig"; sourceTree = "<group>"; };
/* End PBXFileReference section */

/* Begin PBXFrameworksBuildPhase section */
		1893888A25F1EFA000F57E85 /* Frameworks */ = {
			isa = PBXFrameworksBuildPhase;
			buildActionMask = 2147483647;
			files = (
				D27992D82DD64B223E34007E /* Pods_DoubtNut.framework in Frameworks */,
			);
			runOnlyForDeploymentPostprocessing = 0;
		};
		189388A025F1EFA300F57E85 /* Frameworks */ = {
			isa = PBXFrameworksBuildPhase;
			buildActionMask = 2147483647;
			files = (
				EA814C3A304658E910F94322 /* Pods_DoubtNutTests.framework in Frameworks */,
			);
			runOnlyForDeploymentPostprocessing = 0;
		};
		189388AB25F1EFA300F57E85 /* Frameworks */ = {
			isa = PBXFrameworksBuildPhase;
			buildActionMask = 2147483647;
			files = (
				7E504EC6516DF7B8A944CA36 /* Pods_DoubtNut_DoubtNutUITests.framework in Frameworks */,
			);
			runOnlyForDeploymentPostprocessing = 0;
		};
/* End PBXFrameworksBuildPhase section */

/* Begin PBXGroup section */
		1893888425F1EFA000F57E85 = {
			isa = PBXGroup;
			children = (
				1893888F25F1EFA000F57E85 /* DoubtNut */,
				189388A625F1EFA300F57E85 /* DoubtNutTests */,
				189388B125F1EFA300F57E85 /* DoubtNutUITests */,
				1893888E25F1EFA000F57E85 /* Products */,
				375AFD6E37DCE55433E333B9 /* Pods */,
				880D27443A7D605D1104321F /* Frameworks */,
			);
			sourceTree = "<group>";
		};
		1893888E25F1EFA000F57E85 /* Products */ = {
			isa = PBXGroup;
			children = (
				1893888D25F1EFA000F57E85 /* DoubtNut.app */,
				189388A325F1EFA300F57E85 /* DoubtNutTests.xctest */,
				189388AE25F1EFA300F57E85 /* DoubtNutUITests.xctest */,
			);
			name = Products;
			sourceTree = "<group>";
		};
		1893888F25F1EFA000F57E85 /* DoubtNut */ = {
			isa = PBXGroup;
			children = (
				E3F0140925F24F7A005B2746 /* Storybiard */,
				1893897025F202DC00F57E85 /* DoubtNut.entitlements */,
				189388CB25F1F01000F57E85 /* Views */,
				189388C725F1EFF300F57E85 /* ViewController */,
				189388C425F1EFD300F57E85 /* Helper */,
				189388C325F1EFC400F57E85 /* Resource */,
				1893889025F1EFA000F57E85 /* AppDelegate.swift */,
				1893889425F1EFA000F57E85 /* ViewController.swift */,
				1893889925F1EFA200F57E85 /* Assets.xcassets */,
				1893889E25F1EFA200F57E85 /* Info.plist */,
			);
			path = DoubtNut;
			sourceTree = "<group>";
		};
		189388A625F1EFA300F57E85 /* DoubtNutTests */ = {
			isa = PBXGroup;
			children = (
				189388A725F1EFA300F57E85 /* DoubtNutTests.swift */,
				189388A925F1EFA300F57E85 /* Info.plist */,
			);
			path = DoubtNutTests;
			sourceTree = "<group>";
		};
		189388B125F1EFA300F57E85 /* DoubtNutUITests */ = {
			isa = PBXGroup;
			children = (
				189388B225F1EFA300F57E85 /* DoubtNutUITests.swift */,
				189388B425F1EFA300F57E85 /* Info.plist */,
			);
			path = DoubtNutUITests;
			sourceTree = "<group>";
		};
		189388C325F1EFC400F57E85 /* Resource */ = {
			isa = PBXGroup;
			children = (
				E3B6AF7C25F9CF7600E5EB25 /* LottiejsonFile */,
				189388CC25F1F02C00F57E85 /* Fonts */,
			);
			path = Resource;
			sourceTree = "<group>";
		};
		189388C425F1EFD300F57E85 /* Helper */ = {
			isa = PBXGroup;
			children = (
				E370978025FCE983002950E0 /* Extension */,
				E370976225FCCAC6002950E0 /* Extra */,
				E370974B25FCC8D0002950E0 /* Constant */,
				E3C2A52425FBDB8F00B6A9B2 /* BaseApi.swift */,
				189388F825F1F05E00F57E85 /* RCustomClass.swift */,
				1893896525F1FE3D00F57E85 /* GoogleService-Info.plist */,
				1893896025F1FDA900F57E85 /* Endpoints.swift */,
				E3326D4C25F318BF001CC9E1 /* FlowController.swift */,
			);
			path = Helper;
			sourceTree = "<group>";
		};
		189388C725F1EFF300F57E85 /* ViewController */ = {
			isa = PBXGroup;
			children = (
				E374FE0625FB5CCE00485B00 /* Profile */,
				E37F476625F785B20088DC08 /* SideMenu */,
				E3326D6E25F332FE001CC9E1 /* Home */,
				1893890325F1F0B400F57E85 /* LoginSignUp */,
				E37F47A725F79BF20088DC08 /* DayTrialViewController.swift */,
			);
			path = ViewController;
			sourceTree = "<group>";
		};
		189388CB25F1F01000F57E85 /* Views */ = {
			isa = PBXGroup;
			children = (
				E37F476D25F7861F0088DC08 /* TableviewCell */,
				E394E09E25F5C3760067CAEB /* CollectionviewCell */,
				E394E04825F5B2150067CAEB /* Footer */,
				E3E5DA8825F53C47006E35CC /* FreeTrial */,
				1893891125F1F0F900F57E85 /* LandingPageSlider.swift */,
				1893891225F1F0F900F57E85 /* LandingPageSlider.xib */,
			);
			path = Views;
			sourceTree = "<group>";
		};
		189388CC25F1F02C00F57E85 /* Fonts */ = {
			isa = PBXGroup;
			children = (
				189388DE25F1F04700F57E85 /* BentonSans Bold Regular.otf */,
				189388DC25F1F04700F57E85 /* BentonSans Bold.otf */,
				189388D125F1F04600F57E85 /* Lato-Black.ttf */,
				189388D725F1F04600F57E85 /* Lato-BlackItalic.ttf */,
				189388D025F1F04600F57E85 /* Lato-Bold.ttf */,
				189388D225F1F04600F57E85 /* Lato-BoldItalic.ttf */,
				189388DD25F1F04700F57E85 /* Lato-Hairline.ttf */,
				189388CE25F1F04500F57E85 /* Lato-HairlineItalic.ttf */,
				189388D325F1F04600F57E85 /* Lato-Heavy.ttf */,
				189388DB25F1F04700F57E85 /* Lato-HeavyItalic.ttf */,
				189388CF25F1F04600F57E85 /* Lato-Italic.ttf */,
				189388CD25F1F04500F57E85 /* Lato-Light.ttf */,
				189388D825F1F04600F57E85 /* Lato-LightItalic.ttf */,
				189388D425F1F04600F57E85 /* Lato-Medium.ttf */,
				189388D925F1F04700F57E85 /* Lato-MediumItalic.ttf */,
				189388DF25F1F04700F57E85 /* Lato-Regular.ttf */,
				189388D525F1F04600F57E85 /* Lato-Semibold.ttf */,
				189388D625F1F04600F57E85 /* Lato-SemiboldItalic.ttf */,
				189388E025F1F04700F57E85 /* Lato-Thin.ttf */,
				189388DA25F1F04700F57E85 /* Lato-ThinItalic.ttf */,
			);
			path = Fonts;
			sourceTree = "<group>";
		};
		1893890325F1F0B400F57E85 /* LoginSignUp */ = {
			isa = PBXGroup;
			children = (
				1893890525F1F0D700F57E85 /* GetOTPVC.swift */,
				1893890425F1F0D700F57E85 /* LandingpageVC.swift */,
				1893890725F1F0D700F57E85 /* LoginWithCodeVC.swift */,
				1893890625F1F0D700F57E85 /* LoginwithPincode.swift */,
				1893890825F1F0D700F57E85 /* SignUpVC.swift */,
			);
			path = LoginSignUp;
			sourceTree = "<group>";
		};
		375AFD6E37DCE55433E333B9 /* Pods */ = {
			isa = PBXGroup;
			children = (
				9CA929D2A63DB75BE794A2EE /* Pods-DoubtNut.debug.xcconfig */,
				712C47300D8441315D7C3B2C /* Pods-DoubtNut.release.xcconfig */,
				ED2E96365D0673557FAF0338 /* Pods-DoubtNut-DoubtNutUITests.debug.xcconfig */,
				02F817D4B72F0A1FA4B1A4F7 /* Pods-DoubtNut-DoubtNutUITests.release.xcconfig */,
				E0DDADA5D2ACB1B7A6655A85 /* Pods-DoubtNutTests.debug.xcconfig */,
				9CEAD305208C9F678B8017A4 /* Pods-DoubtNutTests.release.xcconfig */,
			);
			path = Pods;
			sourceTree = "<group>";
		};
		880D27443A7D605D1104321F /* Frameworks */ = {
			isa = PBXGroup;
			children = (
				720313CAA28449B7C396C7DA /* Pods_DoubtNut.framework */,
				8268803794D4BD000DC50D2F /* Pods_DoubtNut_DoubtNutUITests.framework */,
				DC4AC4B78C4FF59DDE557ECB /* Pods_DoubtNutTests.framework */,
			);
			name = Frameworks;
			sourceTree = "<group>";
		};
		E3326D6E25F332FE001CC9E1 /* Home */ = {
			isa = PBXGroup;
			children = (
				E3326D6F25F33316001CC9E1 /* DashboardVC.swift */,
				E3A75FBE25F66646009B7664 /* SATVC.swift */,
				E33D700425F6F08F0089836A /* ACTVC.swift */,
				E38D96C925F8864900D314FB /* CustomCameraVC.swift */,
				E3256F2F25FB70D900E37A0B /* DoYouHaveQuestVC.swift */,
				E3256F3725FB742900E37A0B /* FindNewSolutionGifVC.swift */,
				E3256F3C25FB778000E37A0B /* VIdeoListVC.swift */,
			);
			path = Home;
			sourceTree = "<group>";
		};
		E33D700925F6F3150089836A /* SAT */ = {
			isa = PBXGroup;
			children = (
				E33D700A25F6F3360089836A /* SATCVCell.swift */,
				E33D700B25F6F3360089836A /* SATCVCell.xib */,
			);
			path = SAT;
			sourceTree = "<group>";
		};
		E370974B25FCC8D0002950E0 /* Constant */ = {
			isa = PBXGroup;
			children = (
				E370975425FCC915002950E0 /* AppConstant.swift */,
			);
			path = Constant;
			sourceTree = "<group>";
		};
		E370976225FCCAC6002950E0 /* Extra */ = {
			isa = PBXGroup;
			children = (
				E370975925FCCA4D002950E0 /* Utility.swift */,
				E370977825FCE8CB002950E0 /* ThemeManager.swift */,
			);
			path = Extra;
			sourceTree = "<group>";
		};
		E370978025FCE983002950E0 /* Extension */ = {
			isa = PBXGroup;
			children = (
				E38B56FB25F29DDE00CEC42D /* Extension.swift */,
				E370978125FCE992002950E0 /* UIColor.swift */,
			);
			path = Extension;
			sourceTree = "<group>";
		};
		E374FE0625FB5CCE00485B00 /* Profile */ = {
			isa = PBXGroup;
			children = (
				E374FE0825FB5D0500485B00 /* ProfileViewController.swift */,
				E374FE0725FB5D0500485B00 /* UpdateProfileViewController.swift */,
			);
			path = Profile;
			sourceTree = "<group>";
		};
		E37F476625F785B20088DC08 /* SideMenu */ = {
			isa = PBXGroup;
			children = (
				E37F476725F785CB0088DC08 /* SideMenuViewController.swift */,
			);
			path = SideMenu;
			sourceTree = "<group>";
		};
		E37F476D25F7861F0088DC08 /* TableviewCell */ = {
			isa = PBXGroup;
			children = (
				E37F476F25F786350088DC08 /* SideMenuTableViewCell.swift */,
				E37F476E25F786350088DC08 /* SideMenuTableViewCell.xib */,
				E3256F4A25FB796100E37A0B /* ListTableViewCell.swift */,
			);
			path = TableviewCell;
			sourceTree = "<group>";
		};
		E394E04825F5B2150067CAEB /* Footer */ = {
			isa = PBXGroup;
			children = (
				E394E04925F5B2330067CAEB /* Footerview.swift */,
				E394E05125F5B23B0067CAEB /* Footerview.xib */,
			);
			path = Footer;
			sourceTree = "<group>";
		};
		E394E09E25F5C3760067CAEB /* CollectionviewCell */ = {
			isa = PBXGroup;
			children = (
				E33D700925F6F3150089836A /* SAT */,
				E394E09F25F5C3830067CAEB /* Home */,
			);
			path = CollectionviewCell;
			sourceTree = "<group>";
		};
		E394E09F25F5C3830067CAEB /* Home */ = {
			isa = PBXGroup;
			children = (
				E394E0A025F5C3C90067CAEB /* MathCVCell.swift */,
				E394E0A125F5C3C90067CAEB /* MathCVCell.xib */,
			);
			path = Home;
			sourceTree = "<group>";
		};
		E3B6AF7C25F9CF7600E5EB25 /* LottiejsonFile */ = {
			isa = PBXGroup;
			children = (
				E3B6AF9925F9D26300E5EB25 /* iosonboard */,
				E3B6AF9425F9D23000E5EB25 /* ios onboard.json */,
				E3B6AF8F25F9D1C900E5EB25 /* loader_1.json */,
				E3B6AF7D25F9CFB200E5EB25 /* match page loader_2.json */,
			);
			path = LottiejsonFile;
			sourceTree = "<group>";
		};
		E3B6AF9925F9D26300E5EB25 /* iosonboard */ = {
			isa = PBXGroup;
			children = (
				E3B6AFC925F9D27800E5EB25 /* img_0.jpg */,
				E3B6AFBE25F9D27700E5EB25 /* img_1.png */,
				E3B6AFC525F9D27700E5EB25 /* img_2.png */,
				E3B6AFC625F9D27700E5EB25 /* img_3.png */,
				E3B6AFC725F9D27800E5EB25 /* img_4.png */,
				E3B6AFA525F9D27500E5EB25 /* img_5.png */,
				E3B6AFA625F9D27500E5EB25 /* img_6.png */,
				E3B6AFB625F9D27600E5EB25 /* img_7.png */,
				E3B6AFBB25F9D27700E5EB25 /* img_8.png */,
				E3B6AFB225F9D27600E5EB25 /* img_9.png */,
				E3B6AF9B25F9D27400E5EB25 /* seq_0_0.jpg */,
				E3B6AF9C25F9D27400E5EB25 /* seq_0_1.jpg */,
				E3B6AFAC25F9D27500E5EB25 /* seq_0_2.jpg */,
				E3B6AFA725F9D27500E5EB25 /* seq_0_3.jpg */,
				E3B6AF9A25F9D27400E5EB25 /* seq_0_4.jpg */,
				E3B6AFB025F9D27600E5EB25 /* seq_0_5.jpg */,
				E3B6AFBA25F9D27700E5EB25 /* seq_0_6.jpg */,
				E3B6AFB525F9D27600E5EB25 /* seq_0_7.jpg */,
				E3B6AFB725F9D27600E5EB25 /* seq_0_8.jpg */,
				E3B6AF9D25F9D27400E5EB25 /* seq_0_9.jpg */,
				E3B6AFC225F9D27700E5EB25 /* seq_0_10.jpg */,
				E3B6AFCA25F9D27800E5EB25 /* seq_0_11.jpg */,
				E3B6AFAA25F9D27500E5EB25 /* seq_0_12.jpg */,
				E3B6AFB125F9D27600E5EB25 /* seq_0_13.jpg */,
				E3B6AFC025F9D27700E5EB25 /* seq_0_14.jpg */,
				E3B6AFA425F9D27500E5EB25 /* seq_0_15.jpg */,
				E3B6AFA325F9D27500E5EB25 /* seq_0_16.jpg */,
				E3B6AFC325F9D27700E5EB25 /* seq_0_17.jpg */,
				E3B6AFA125F9D27500E5EB25 /* seq_0_18.jpg */,
				E3B6AFA825F9D27500E5EB25 /* seq_0_19.jpg */,
				E3B6AFBF25F9D27700E5EB25 /* seq_0_20.jpg */,
				E3B6AFC425F9D27700E5EB25 /* seq_0_21.jpg */,
				E3B6AFB825F9D27600E5EB25 /* seq_0_22.jpg */,
				E3B6AFAE25F9D27600E5EB25 /* seq_0_23.jpg */,
				E3B6AFA225F9D27500E5EB25 /* seq_0_24.jpg */,
				E3B6AFC825F9D27800E5EB25 /* seq_0_25.jpg */,
				E3B6AFB925F9D27600E5EB25 /* seq_0_26.jpg */,
				E3B6AFB425F9D27600E5EB25 /* seq_0_27.jpg */,
				E3B6AF9F25F9D27400E5EB25 /* seq_0_28.jpg */,
				E3B6AFBD25F9D27700E5EB25 /* seq_0_29.jpg */,
				E3B6AFB325F9D27600E5EB25 /* seq_0_30.jpg */,
				E3B6AFAF25F9D27600E5EB25 /* seq_0_31.jpg */,
				E3B6AFAB25F9D27500E5EB25 /* seq_0_32.jpg */,
				E3B6AFAD25F9D27600E5EB25 /* seq_0_33.jpg */,
				E3B6AFC125F9D27700E5EB25 /* seq_0_34.jpg */,
				E3B6AFBC25F9D27700E5EB25 /* seq_0_35.jpg */,
				E3B6AF9E25F9D27400E5EB25 /* seq_0_36.jpg */,
				E3B6AFA025F9D27500E5EB25 /* seq_0_37.jpg */,
				E3B6AFA925F9D27500E5EB25 /* seq_0_38.jpg */,
			);
			path = iosonboard;
			sourceTree = "<group>";
		};
		E3E5DA8825F53C47006E35CC /* FreeTrial */ = {
			isa = PBXGroup;
			children = (
				E3E5DA8925F53C75006E35CC /* FreetrialView.swift */,
				E3E5DA9125F53C7E006E35CC /* FreetrialView.xib */,
			);
			path = FreeTrial;
			sourceTree = "<group>";
		};
		E3F0140925F24F7A005B2746 /* Storybiard */ = {
			isa = PBXGroup;
			children = (
				189388FD25F1F09D00F57E85 /* Main.storyboard */,
				1893889B25F1EFA200F57E85 /* LaunchScreen.storyboard */,
				E3326D6925F332C7001CC9E1 /* Home.storyboard */,
				E374FDF525FB5A9200485B00 /* Profile.storyboard */,
			);
			path = Storybiard;
			sourceTree = "<group>";
		};
/* End PBXGroup section */

/* Begin PBXNativeTarget section */
		1893888C25F1EFA000F57E85 /* DoubtNut */ = {
			isa = PBXNativeTarget;
			buildConfigurationList = 189388B725F1EFA300F57E85 /* Build configuration list for PBXNativeTarget "DoubtNut" */;
			buildPhases = (
				0C586ACCF6F92D47E8AAC43A /* [CP] Build Pods Frameworks */,
				F513FDD55DDE3CCD34542A74 /* [CP] Check Pods Manifest.lock */,
				1893888925F1EFA000F57E85 /* Sources */,
				1893888A25F1EFA000F57E85 /* Frameworks */,
				1893888B25F1EFA000F57E85 /* Resources */,
				49C784AE1B74C860F03C5753 /* [CP] Embed Pods Frameworks */,
				1A6CA97AF998B265F659411E /* [CP] Copy Pods Resources */,
			);
			buildRules = (
			);
			dependencies = (
			);
			name = DoubtNut;
			productName = DoubtNut;
			productReference = 1893888D25F1EFA000F57E85 /* DoubtNut.app */;
			productType = "com.apple.product-type.application";
		};
		189388A225F1EFA300F57E85 /* DoubtNutTests */ = {
			isa = PBXNativeTarget;
			buildConfigurationList = 189388BA25F1EFA300F57E85 /* Build configuration list for PBXNativeTarget "DoubtNutTests" */;
			buildPhases = (
				A04F6DBABFA9F75023537CC7 /* [CP] Check Pods Manifest.lock */,
				1893889F25F1EFA300F57E85 /* Sources */,
				189388A025F1EFA300F57E85 /* Frameworks */,
				189388A125F1EFA300F57E85 /* Resources */,
			);
			buildRules = (
			);
			dependencies = (
				189388A525F1EFA300F57E85 /* PBXTargetDependency */,
			);
			name = DoubtNutTests;
			productName = DoubtNutTests;
			productReference = 189388A325F1EFA300F57E85 /* DoubtNutTests.xctest */;
			productType = "com.apple.product-type.bundle.unit-test";
		};
		189388AD25F1EFA300F57E85 /* DoubtNutUITests */ = {
			isa = PBXNativeTarget;
			buildConfigurationList = 189388BD25F1EFA300F57E85 /* Build configuration list for PBXNativeTarget "DoubtNutUITests" */;
			buildPhases = (
				FC2F5FAF70F03995095023A0 /* [CP] Check Pods Manifest.lock */,
				189388AA25F1EFA300F57E85 /* Sources */,
				189388AB25F1EFA300F57E85 /* Frameworks */,
				189388AC25F1EFA300F57E85 /* Resources */,
				2BF15ED1C2B8BB532FEFB4E2 /* [CP] Embed Pods Frameworks */,
				E9E4BD79A7969D006E12F008 /* [CP] Copy Pods Resources */,
			);
			buildRules = (
			);
			dependencies = (
				189388B025F1EFA300F57E85 /* PBXTargetDependency */,
			);
			name = DoubtNutUITests;
			productName = DoubtNutUITests;
			productReference = 189388AE25F1EFA300F57E85 /* DoubtNutUITests.xctest */;
			productType = "com.apple.product-type.bundle.ui-testing";
		};
/* End PBXNativeTarget section */

/* Begin PBXProject section */
		1893888525F1EFA000F57E85 /* Project object */ = {
			isa = PBXProject;
			attributes = {
				LastSwiftUpdateCheck = 1230;
				LastUpgradeCheck = 1230;
				TargetAttributes = {
					1893888C25F1EFA000F57E85 = {
						CreatedOnToolsVersion = 12.3;
					};
					189388A225F1EFA300F57E85 = {
						CreatedOnToolsVersion = 12.3;
						TestTargetID = 1893888C25F1EFA000F57E85;
					};
					189388AD25F1EFA300F57E85 = {
						CreatedOnToolsVersion = 12.3;
						TestTargetID = 1893888C25F1EFA000F57E85;
					};
				};
			};
			buildConfigurationList = 1893888825F1EFA000F57E85 /* Build configuration list for PBXProject "DoubtNut" */;
			compatibilityVersion = "Xcode 9.3";
			developmentRegion = en;
			hasScannedForEncodings = 0;
			knownRegions = (
				en,
				Base,
			);
			mainGroup = 1893888425F1EFA000F57E85;
			productRefGroup = 1893888E25F1EFA000F57E85 /* Products */;
			projectDirPath = "";
			projectRoot = "";
			targets = (
				1893888C25F1EFA000F57E85 /* DoubtNut */,
				189388A225F1EFA300F57E85 /* DoubtNutTests */,
				189388AD25F1EFA300F57E85 /* DoubtNutUITests */,
			);
		};
/* End PBXProject section */

/* Begin PBXResourcesBuildPhase section */
		1893888B25F1EFA000F57E85 /* Resources */ = {
			isa = PBXResourcesBuildPhase;
			buildActionMask = 2147483647;
			files = (
				189388E525F1F04700F57E85 /* Lato-Black.ttf in Resources */,
				E3B6AFE325F9D27800E5EB25 /* img_9.png in Resources */,
				E3B6AFF425F9D27800E5EB25 /* seq_0_17.jpg in Resources */,
				189388F125F1F04700F57E85 /* Lato-Hairline.ttf in Resources */,
				E3B6AFD525F9D27800E5EB25 /* seq_0_15.jpg in Resources */,
				1893896625F1FE3D00F57E85 /* GoogleService-Info.plist in Resources */,
				E3B6AFFB25F9D27800E5EB25 /* seq_0_11.jpg in Resources */,
				E3B6AFD125F9D27800E5EB25 /* seq_0_37.jpg in Resources */,
				189388EF25F1F04700F57E85 /* Lato-HeavyItalic.ttf in Resources */,
				1893891425F1F0F900F57E85 /* LandingPageSlider.xib in Resources */,
				189388F025F1F04700F57E85 /* BentonSans Bold.otf in Resources */,
				189388F325F1F04700F57E85 /* Lato-Regular.ttf in Resources */,
				189388E325F1F04700F57E85 /* Lato-Italic.ttf in Resources */,
				E3B6AFF825F9D27800E5EB25 /* img_4.png in Resources */,
				E37F477025F786350088DC08 /* SideMenuTableViewCell.xib in Resources */,
				189388E925F1F04700F57E85 /* Lato-Semibold.ttf in Resources */,
				E394E05225F5B23B0067CAEB /* Footerview.xib in Resources */,
				189388E425F1F04700F57E85 /* Lato-Bold.ttf in Resources */,
				E3B6AFD025F9D27800E5EB25 /* seq_0_28.jpg in Resources */,
				189388E625F1F04700F57E85 /* Lato-BoldItalic.ttf in Resources */,
				E3B6AFF325F9D27800E5EB25 /* seq_0_10.jpg in Resources */,
				E3B6AFF925F9D27800E5EB25 /* seq_0_25.jpg in Resources */,
				E3B6AFEE25F9D27800E5EB25 /* seq_0_29.jpg in Resources */,
				E3B6AFED25F9D27800E5EB25 /* seq_0_35.jpg in Resources */,
				E3B6AFE725F9D27800E5EB25 /* img_7.png in Resources */,
				E3B6AFF025F9D27800E5EB25 /* seq_0_20.jpg in Resources */,
				E3B6AFE425F9D27800E5EB25 /* seq_0_30.jpg in Resources */,
				E394E0A325F5C3C90067CAEB /* MathCVCell.xib in Resources */,
				E3B6AFDD25F9D27800E5EB25 /* seq_0_2.jpg in Resources */,
				189388EE25F1F04700F57E85 /* Lato-ThinItalic.ttf in Resources */,
				E3E5DA9225F53C7E006E35CC /* FreetrialView.xib in Resources */,
				E3B6AFE225F9D27800E5EB25 /* seq_0_13.jpg in Resources */,
				E3B6AFEF25F9D27800E5EB25 /* img_1.png in Resources */,
				E3B6AFE125F9D27800E5EB25 /* seq_0_5.jpg in Resources */,
				E3B6AFDE25F9D27800E5EB25 /* seq_0_33.jpg in Resources */,
				E3B6AFCD25F9D27800E5EB25 /* seq_0_1.jpg in Resources */,
				E3B6AFE025F9D27800E5EB25 /* seq_0_31.jpg in Resources */,
				E3B6AFEC25F9D27800E5EB25 /* img_8.png in Resources */,
				E3B6AFDB25F9D27800E5EB25 /* seq_0_12.jpg in Resources */,
				E3B6AFD825F9D27800E5EB25 /* seq_0_3.jpg in Resources */,
				189388EB25F1F04700F57E85 /* Lato-BlackItalic.ttf in Resources */,
				E3B6AFCC25F9D27800E5EB25 /* seq_0_0.jpg in Resources */,
				E3B6AFD925F9D27800E5EB25 /* seq_0_19.jpg in Resources */,
				E3B6AFE625F9D27800E5EB25 /* seq_0_7.jpg in Resources */,
				E3B6AFD325F9D27800E5EB25 /* seq_0_24.jpg in Resources */,
				E3B6AFF525F9D27800E5EB25 /* seq_0_21.jpg in Resources */,
				E3B6AFF725F9D27800E5EB25 /* img_3.png in Resources */,
				E3B6AFE525F9D27800E5EB25 /* seq_0_27.jpg in Resources */,
				E3B6AFD625F9D27800E5EB25 /* img_5.png in Resources */,
				189388EA25F1F04700F57E85 /* Lato-SemiboldItalic.ttf in Resources */,
				E3B6AF7E25F9CFB200E5EB25 /* match page loader_2.json in Resources */,
				E3B6AFFA25F9D27800E5EB25 /* img_0.jpg in Resources */,
				189388FF25F1F09D00F57E85 /* Main.storyboard in Resources */,
				E3B6AFDF25F9D27800E5EB25 /* seq_0_23.jpg in Resources */,
				E374FDF625FB5A9200485B00 /* Profile.storyboard in Resources */,
				E3B6AFE825F9D27800E5EB25 /* seq_0_8.jpg in Resources */,
				E3326D6A25F332C7001CC9E1 /* Home.storyboard in Resources */,
				E3B6AFDC25F9D27800E5EB25 /* seq_0_32.jpg in Resources */,
				E3B6AFF125F9D27800E5EB25 /* seq_0_14.jpg in Resources */,
				189388E125F1F04700F57E85 /* Lato-Light.ttf in Resources */,
				E3B6AFCE25F9D27800E5EB25 /* seq_0_9.jpg in Resources */,
				E3B6AFEB25F9D27800E5EB25 /* seq_0_6.jpg in Resources */,
				189388F225F1F04700F57E85 /* BentonSans Bold Regular.otf in Resources */,
				E3B6AFE925F9D27800E5EB25 /* seq_0_22.jpg in Resources */,
				189388E825F1F04700F57E85 /* Lato-Medium.ttf in Resources */,
				E3B6AFCB25F9D27800E5EB25 /* seq_0_4.jpg in Resources */,
				E3B6AFEA25F9D27800E5EB25 /* seq_0_26.jpg in Resources */,
				189388F425F1F04700F57E85 /* Lato-Thin.ttf in Resources */,
				E3B6AFF625F9D27800E5EB25 /* img_2.png in Resources */,
				189388ED25F1F04700F57E85 /* Lato-MediumItalic.ttf in Resources */,
				E3B6AFDA25F9D27800E5EB25 /* seq_0_38.jpg in Resources */,
				E3B6AF9525F9D23000E5EB25 /* ios onboard.json in Resources */,
				1893889D25F1EFA200F57E85 /* LaunchScreen.storyboard in Resources */,
				189388E725F1F04700F57E85 /* Lato-Heavy.ttf in Resources */,
				189388E225F1F04700F57E85 /* Lato-HairlineItalic.ttf in Resources */,
				E3B6AFD425F9D27800E5EB25 /* seq_0_16.jpg in Resources */,
				1893889A25F1EFA200F57E85 /* Assets.xcassets in Resources */,
				E3B6AFCF25F9D27800E5EB25 /* seq_0_36.jpg in Resources */,
				189388EC25F1F04700F57E85 /* Lato-LightItalic.ttf in Resources */,
				E33D700D25F6F3360089836A /* SATCVCell.xib in Resources */,
				E3B6AF9025F9D1C900E5EB25 /* loader_1.json in Resources */,
				E3B6AFF225F9D27800E5EB25 /* seq_0_34.jpg in Resources */,
				E3B6AFD725F9D27800E5EB25 /* img_6.png in Resources */,
				E3B6AFD225F9D27800E5EB25 /* seq_0_18.jpg in Resources */,
			);
			runOnlyForDeploymentPostprocessing = 0;
		};
		189388A125F1EFA300F57E85 /* Resources */ = {
			isa = PBXResourcesBuildPhase;
			buildActionMask = 2147483647;
			files = (
			);
			runOnlyForDeploymentPostprocessing = 0;
		};
		189388AC25F1EFA300F57E85 /* Resources */ = {
			isa = PBXResourcesBuildPhase;
			buildActionMask = 2147483647;
			files = (
			);
			runOnlyForDeploymentPostprocessing = 0;
		};
/* End PBXResourcesBuildPhase section */

/* Begin PBXShellScriptBuildPhase section */

	0C586ACCF6F92D47E8AAC43A /* [CP] Build Pods Frameworks */ = {
			isa = PBXShellScriptBuildPhase;
			buildActionMask = 2147483647;
			files = (
			);
			inputFileListPaths = (
			);
			inputPaths = (
			);
			name = "[CP] Build Pods Frameworks";
			outputFileListPaths = (
			);
			outputPaths = (
			);
			runOnlyForDeploymentPostprocessing = 0;
			shellPath = /bin/sh;
			shellScript = "# This output is used by Xcode outputs to avoid re-running this script phase.

\"${PROJECT_FILE_PATH}/xcuserdata/.xcassets/xcassets.folder\" false";			
		};
	

	

	

	

	

	

	

	

	

	
		1A6CA97AF998B265F659411E /* [CP] Copy Pods Resources */ = {
			isa = PBXShellScriptBuildPhase;
			buildActionMask = 2147483647;
			files = (
			);
			inputFileListPaths = (
				"${PODS_ROOT}/Target Support Files/Pods-DoubtNut/Pods-DoubtNut-resources-${CONFIGURATION}-input-files.xcfilelist",
			);
			name = "[CP] Copy Pods Resources";
			outputFileListPaths = (
				"${PODS_ROOT}/Target Support Files/Pods-DoubtNut/Pods-DoubtNut-resources-${CONFIGURATION}-output-files.xcfilelist",
			);
			runOnlyForDeploymentPostprocessing = 0;
			shellPath = /bin/sh;
			shellScript = "\"${PODS_ROOT}/Target Support Files/Pods-DoubtNut/Pods-DoubtNut-resources.sh\"\n";
			showEnvVarsInLog = 0;
		};
		2BF15ED1C2B8BB532FEFB4E2 /* [CP] Embed Pods Frameworks */ = {
			isa = PBXShellScriptBuildPhase;
			buildActionMask = 2147483647;
			files = (
			);
			inputFileListPaths = (
				"${PODS_ROOT}/Target Support Files/Pods-DoubtNut-DoubtNutUITests/Pods-DoubtNut-DoubtNutUITests-frameworks-${CONFIGURATION}-input-files.xcfilelist",
			);
			name = "[CP] Embed Pods Frameworks";
			outputFileListPaths = (
				"${PODS_ROOT}/Target Support Files/Pods-DoubtNut-DoubtNutUITests/Pods-DoubtNut-DoubtNutUITests-frameworks-${CONFIGURATION}-output-files.xcfilelist",
			);
			runOnlyForDeploymentPostprocessing = 0;
			shellPath = /bin/sh;
			shellScript = "\"${PODS_ROOT}/Target Support Files/Pods-DoubtNut-DoubtNutUITests/Pods-DoubtNut-DoubtNutUITests-frameworks.sh\"\n";
			showEnvVarsInLog = 0;
		};
		49C784AE1B74C860F03C5753 /* [CP] Embed Pods Frameworks */ = {
			isa = PBXShellScriptBuildPhase;
			buildActionMask = 2147483647;
			files = (
			);
			inputFileListPaths = (
				"${PODS_ROOT}/Target Support Files/Pods-DoubtNut/Pods-DoubtNut-frameworks-${CONFIGURATION}-input-files.xcfilelist",
			);
			name = "[CP] Embed Pods Frameworks";
			outputFileListPaths = (
				"${PODS_ROOT}/Target Support Files/Pods-DoubtNut/Pods-DoubtNut-frameworks-${CONFIGURATION}-output-files.xcfilelist",
			);
			runOnlyForDeploymentPostprocessing = 0;
			shellPath = /bin/sh;
			shellScript = "\"${PODS_ROOT}/Target Support Files/Pods-DoubtNut/Pods-DoubtNut-frameworks.sh\"\n";
			showEnvVarsInLog = 0;
		};
		A04F6DBABFA9F75023537CC7 /* [CP] Check Pods Manifest.lock */ = {
			isa = PBXShellScriptBuildPhase;
			buildActionMask = 2147483647;
			files = (
			);
			inputFileListPaths = (
			);
			inputPaths = (
				"${PODS_PODFILE_DIR_PATH}/Podfile.lock",
				"${PODS_ROOT}/Manifest.lock",
			);
			name = "[CP] Check Pods Manifest.lock";
			outputFileListPaths = (
			);
			outputPaths = (
				"$(DERIVED_FILE_DIR)/Pods-DoubtNutTests-checkManifestLockResult.txt",
			);
			runOnlyForDeploymentPostprocessing = 0;
			shellPath = /bin/sh;
			shellScript = "diff \"${PODS_PODFILE_DIR_PATH}/Podfile.lock\" \"${PODS_ROOT}/Manifest.lock\" > /dev/null\nif [ $? != 0 ] ; then\n    # print error to STDERR\n    echo \"error: The sandbox is not in sync with the Podfile.lock. Run 'pod install' or update your CocoaPods installation.\" >&2\n    exit 1\nfi\n# This output is used by Xcode 'outputs' to avoid re-running this script phase.\necho \"SUCCESS\" > \"${SCRIPT_OUTPUT_FILE_0}\"\n";
			showEnvVarsInLog = 0;
		};
		E9E4BD79A7969D006E12F008 /* [CP] Copy Pods Resources */ = {
			isa = PBXShellScriptBuildPhase;
			buildActionMask = 2147483647;
			files = (
			);
			inputFileListPaths = (
				"${PODS_ROOT}/Target Support Files/Pods-DoubtNut-DoubtNutUITests/Pods-DoubtNut-DoubtNutUITests-resources-${CONFIGURATION}-input-files.xcfilelist",
			);
			name = "[CP] Copy Pods Resources";
			outputFileListPaths = (
				"${PODS_ROOT}/Target Support Files/Pods-DoubtNut-DoubtNutUITests/Pods-DoubtNut-DoubtNutUITests-resources-${CONFIGURATION}-output-files.xcfilelist",
			);
			runOnlyForDeploymentPostprocessing = 0;
			shellPath = /bin/sh;
			shellScript = "\"${PODS_ROOT}/Target Support Files/Pods-DoubtNut-DoubtNutUITests/Pods-DoubtNut-DoubtNutUITests-resources.sh\"\n";
			showEnvVarsInLog = 0;
		};
		F513FDD55DDE3CCD34542A74 /* [CP] Check Pods Manifest.lock */ = {
			isa = PBXShellScriptBuildPhase;
			buildActionMask = 2147483647;
			files = (
			);
			inputFileListPaths = (
			);
			inputPaths = (
				"${PODS_PODFILE_DIR_PATH}/Podfile.lock",
				"${PODS_ROOT}/Manifest.lock",
			);
			name = "[CP] Check Pods Manifest.lock";
			outputFileListPaths = (
			);
			outputPaths = (
				"$(DERIVED_FILE_DIR)/Pods-DoubtNut-checkManifestLockResult.txt",
			);
			runOnlyForDeploymentPostprocessing = 0;
			shellPath = /bin/sh;
			shellScript = "diff \"${PODS_PODFILE_DIR_PATH}/Podfile.lock\" \"${PODS_ROOT}/Manifest.lock\" > /dev/null\nif [ $? != 0 ] ; then\n    # print error to STDERR\n    echo \"error: The sandbox is not in sync with the Podfile.lock. Run 'pod install' or update your CocoaPods installation.\" >&2\n    exit 1\nfi\n# This output is used by Xcode 'outputs' to avoid re-running this script phase.\necho \"SUCCESS\" > \"${SCRIPT_OUTPUT_FILE_0}\"\n";
			showEnvVarsInLog = 0;
		};
		FC2F5FAF70F03995095023A0 /* [CP] Check Pods Manifest.lock */ = {
			isa = PBXShellScriptBuildPhase;
			buildActionMask = 2147483647;
			files = (
			);
			inputFileListPaths = (
			);
			inputPaths = (
				"${PODS_PODFILE_DIR_PATH}/Podfile.lock",
				"${PODS_ROOT}/Manifest.lock",
			);
			name = "[CP] Check Pods Manifest.lock";
			outputFileListPaths = (
			);
			outputPaths = (
				"$(DERIVED_FILE_DIR)/Pods-DoubtNut-DoubtNutUITests-checkManifestLockResult.txt",
			);
			runOnlyForDeploymentPostprocessing = 0;
			shellPath = /bin/sh;
			shellScript = "diff \"${PODS_PODFILE_DIR_PATH}/Podfile.lock\" \"${PODS_ROOT}/Manifest.lock\" > /dev/null\nif [ $? != 0 ] ; then\n    # print error to STDERR\n    echo \"error: The sandbox is not in sync with the Podfile.lock. Run 'pod install' or update your CocoaPods installation.\" >&2\n    exit 1\nfi\n# This output is used by Xcode 'outputs' to avoid re-running this script phase.\necho \"SUCCESS\" > \"${SCRIPT_OUTPUT_FILE_0}\"\n";
			showEnvVarsInLog = 0;
		};
/* End PBXShellScriptBuildPhase section */

/* Begin PBXSourcesBuildPhase section */
		1893888925F1EFA000F57E85 /* Sources */ = {
			isa = PBXSourcesBuildPhase;
			buildActionMask = 2147483647;
			files = (
				E3256F3D25FB778000E37A0B /* VIdeoListVC.swift in Sources */,
				E3256F4B25FB796100E37A0B /* ListTableViewCell.swift in Sources */,
				189388F925F1F05E00F57E85 /* RCustomClass.swift in Sources */,
				E3326D7025F33316001CC9E1 /* DashboardVC.swift in Sources */,
				1893890D25F1F0D700F57E85 /* SignUpVC.swift in Sources */,
				E37F476825F785CB0088DC08 /* SideMenuViewController.swift in Sources */,
				1893890C25F1F0D700F57E85 /* LoginWithCodeVC.swift in Sources */,
				1893891325F1F0F900F57E85 /* LandingPageSlider.swift in Sources */,
				E37F477125F786350088DC08 /* SideMenuTableViewCell.swift in Sources */,
				E37F47A825F79BF20088DC08 /* DayTrialViewController.swift in Sources */,
				E38B56FC25F29DDE00CEC42D /* Extension.swift in Sources */,
				1893896125F1FDA900F57E85 /* Endpoints.swift in Sources */,
				E38D96CA25F8864900D314FB /* CustomCameraVC.swift in Sources */,
				E394E04A25F5B2330067CAEB /* Footerview.swift in Sources */,
				E3256F3025FB70D900E37A0B /* DoYouHaveQuestVC.swift in Sources */,
				E33D700C25F6F3360089836A /* SATCVCell.swift in Sources */,
				E3E5DA8A25F53C75006E35CC /* FreetrialView.swift in Sources */,
				1893890B25F1F0D700F57E85 /* LoginwithPincode.swift in Sources */,
				E3256F3825FB742900E37A0B /* FindNewSolutionGifVC.swift in Sources */,
				1893890925F1F0D700F57E85 /* LandingpageVC.swift in Sources */,
				1893889525F1EFA000F57E85 /* ViewController.swift in Sources */,
				E3A75FBF25F66646009B7664 /* SATVC.swift in Sources */,
				1893889125F1EFA000F57E85 /* AppDelegate.swift in Sources */,
				E370978225FCE992002950E0 /* UIColor.swift in Sources */,
				E3C2A52525FBDB8F00B6A9B2 /* BaseApi.swift in Sources */,
				1893890A25F1F0D700F57E85 /* GetOTPVC.swift in Sources */,
				E33D700525F6F08F0089836A /* ACTVC.swift in Sources */,
				E374FE0925FB5D0500485B00 /* UpdateProfileViewController.swift in Sources */,
				E374FE0A25FB5D0500485B00 /* ProfileViewController.swift in Sources */,
				E370975A25FCCA4D002950E0 /* Utility.swift in Sources */,
				E394E0A225F5C3C90067CAEB /* MathCVCell.swift in Sources */,
				E3326D4D25F318BF001CC9E1 /* FlowController.swift in Sources */,
				E370975525FCC915002950E0 /* AppConstant.swift in Sources */,
				E370977925FCE8CB002950E0 /* ThemeManager.swift in Sources */,
			);
			runOnlyForDeploymentPostprocessing = 0;
		};
		1893889F25F1EFA300F57E85 /* Sources */ = {
			isa = PBXSourcesBuildPhase;
			buildActionMask = 2147483647;
			files = (
				189388A825F1EFA300F57E85 /* DoubtNutTests.swift in Sources */,
			);
			runOnlyForDeploymentPostprocessing = 0;
		};
		189388AA25F1EFA300F57E85 /* Sources */ = {
			isa = PBXSourcesBuildPhase;
			buildActionMask = 2147483647;
			files = (
				189388B325F1EFA300F57E85 /* DoubtNutUITests.swift in Sources */,
			);
			runOnlyForDeploymentPostprocessing = 0;
		};
/* End PBXSourcesBuildPhase section */

/* Begin PBXTargetDependency section */
		189388A525F1EFA300F57E85 /* PBXTargetDependency */ = {
			isa = PBXTargetDependency;
			target = 1893888C25F1EFA000F57E85 /* DoubtNut */;
			targetProxy = 189388A425F1EFA300F57E85 /* PBXContainerItemProxy */;
		};
		189388B025F1EFA300F57E85 /* PBXTargetDependency */ = {
			isa = PBXTargetDependency;
			target = 1893888C25F1EFA000F57E85 /* DoubtNut */;
			targetProxy = 189388AF25F1EFA300F57E85 /* PBXContainerItemProxy */;
		};
/* End PBXTargetDependency section */

/* Begin PBXVariantGroup section */
		1893889B25F1EFA200F57E85 /* LaunchScreen.storyboard */ = {
			isa = PBXVariantGroup;
			children = (
				1893889C25F1EFA200F57E85 /* Base */,
			);
			name = LaunchScreen.storyboard;
			sourceTree = "<group>";
		};
		189388FD25F1F09D00F57E85 /* Main.storyboard */ = {
			isa = PBXVariantGroup;
			children = (
				189388FE25F1F09D00F57E85 /* Base */,
			);
			name = Main.storyboard;
			sourceTree = "<group>";
		};
/* End PBXVariantGroup section */

/* Begin XCBuildConfiguration section */
		189388B525F1EFA300F57E85 /* Debug */ = {
			isa = XCBuildConfiguration;
			buildSettings = {
				ALWAYS_SEARCH_USER_PATHS = NO;
				CLANG_ANALYZER_NONNULL = YES;
				CLANG_ANALYZER_NUMBER_OBJECT_CONVERSION = YES_AGGRESSIVE;
				CLANG_CXX_LANGUAGE_STANDARD = "gnu++14";
				CLANG_CXX_LIBRARY = "libc++";
				CLANG_ENABLE_MODULES = YES;
				CLANG_ENABLE_OBJC_ARC = YES;
				CLANG_ENABLE_OBJC_WEAK = YES;
				CLANG_WARN_BLOCK_CAPTURE_AUTORELEASING = YES;
				CLANG_WARN_BOOL_CONVERSION = YES;
				CLANG_WARN_COMMA = YES;
				CLANG_WARN_CONSTANT_CONVERSION = YES;
				CLANG_WARN_DEPRECATED_OBJC_IMPLEMENTATIONS = YES;
				CLANG_WARN_DIRECT_OBJC_ISA_USAGE = YES_ERROR;
				CLANG_WARN_DOCUMENTATION_COMMENTS = YES;
				CLANG_WARN_EMPTY_BODY = YES;
				CLANG_WARN_ENUM_CONVERSION = YES;
				CLANG_WARN_INFINITE_RECURSION = YES;
				CLANG_WARN_INT_CONVERSION = YES;
				CLANG_WARN_NON_LITERAL_NULL_CONVERSION = YES;
				CLANG_WARN_OBJC_IMPLICIT_RETAIN_SELF = YES;
				CLANG_WARN_OBJC_LITERAL_CONVERSION = YES;
				CLANG_WARN_OBJC_ROOT_CLASS = YES_ERROR;
				CLANG_WARN_QUOTED_INCLUDE_IN_FRAMEWORK_HEADER = YES;
				CLANG_WARN_RANGE_LOOP_ANALYSIS = YES;
				CLANG_WARN_STRICT_PROTOTYPES = YES;
				CLANG_WARN_SUSPICIOUS_MOVE = YES;
				CLANG_WARN_UNGUARDED_AVAILABILITY = YES_AGGRESSIVE;
				CLANG_WARN_UNREACHABLE_CODE = YES;
				CLANG_WARN__DUPLICATE_METHOD_MATCH = YES;
				COPY_PHASE_STRIP = NO;
				DEBUG_INFORMATION_FORMAT = dwarf;
				ENABLE_STRICT_OBJC_MSGSEND = YES;
				ENABLE_TESTABILITY = YES;
				GCC_C_LANGUAGE_STANDARD = gnu11;
				GCC_DYNAMIC_NO_PIC = NO;
				GCC_NO_COMMON_BLOCKS = YES;
				GCC_OPTIMIZATION_LEVEL = 0;
				GCC_PREPROCESSOR_DEFINITIONS = (
					"DEBUG=1",
					"$(inherited)",
				);
				GCC_WARN_64_TO_32_BIT_CONVERSION = YES;
				GCC_WARN_ABOUT_RETURN_TYPE = YES_ERROR;
				GCC_WARN_UNDECLARED_SELECTOR = YES;
				GCC_WARN_UNINITIALIZED_AUTOS = YES_AGGRESSIVE;
				GCC_WARN_UNUSED_FUNCTION = YES;
				GCC_WARN_UNUSED_VARIABLE = YES;
				IPHONEOS_DEPLOYMENT_TARGET = 14.3;
				MTL_ENABLE_DEBUG_INFO = INCLUDE_SOURCE;
				MTL_FAST_MATH = YES;
				ONLY_ACTIVE_ARCH = YES;
				SDKROOT = iphoneos;
				SWIFT_ACTIVE_COMPILATION_CONDITIONS = DEBUG;
				SWIFT_OPTIMIZATION_LEVEL = "-Onone";
				SWIFT_VERSION = 5.0;
			};
			name = Debug;
		};
		189388B625F1EFA300F57E85 /* Release */ = {
			isa = XCBuildConfiguration;
			buildSettings = {
				ALWAYS_SEARCH_USER_PATHS = NO;
				CLANG_ANALYZER_NONNULL = YES;
				CLANG_ANALYZER_NUMBER_OBJECT_CONVERSION = YES_AGGRESSIVE;
				CLANG_CXX_LANGUAGE_STANDARD = "gnu++14";
				CLANG_CXX_LIBRARY = "libc++";
				CLANG_ENABLE_MODULES = YES;
				CLANG_ENABLE_OBJC_ARC = YES;
				CLANG_ENABLE_OBJC_WEAK = YES;
				CLANG_WARN_BLOCK_CAPTURE_AUTORELEASING = YES;
				CLANG_WARN_BOOL_CONVERSION = YES;
				CLANG_WARN_COMMA = YES;
				CLANG_WARN_CONSTANT_CONVERSION = YES;
				CLANG_WARN_DEPRECATED_OBJC_IMPLEMENTATIONS = YES;
				CLANG_WARN_DIRECT_OBJC_ISA_USAGE = YES_ERROR;
				CLANG_WARN_DOCUMENTATION_COMMENTS = YES;
				CLANG_WARN_EMPTY_BODY = YES;
				CLANG_WARN_ENUM_CONVERSION = YES;
				CLANG_WARN_INFINITE_RECURSION = YES;
				CLANG_WARN_INT_CONVERSION = YES;
				CLANG_WARN_NON_LITERAL_NULL_CONVERSION = YES;
				CLANG_WARN_OBJC_IMPLICIT_RETAIN_SELF = YES;
				CLANG_WARN_OBJC_LITERAL_CONVERSION = YES;
				CLANG_WARN_OBJC_ROOT_CLASS = YES_ERROR;
				CLANG_WARN_QUOTED_INCLUDE_IN_FRAMEWORK_HEADER = YES;
				CLANG_WARN_RANGE_LOOP_ANALYSIS = YES;
				CLANG_WARN_STRICT_PROTOTYPES = YES;
				CLANG_WARN_SUSPICIOUS_MOVE = YES;
				CLANG_WARN_UNGUARDED_AVAILABILITY = YES_AGGRESSIVE;
				CLANG_WARN_UNREACHABLE_CODE = YES;
				CLANG_WARN__DUPLICATE_METHOD_MATCH = YES;
				COPY_PHASE_STRIP = NO;
				DEBUG_INFORMATION_FORMAT = "dwarf-with-dsym";
				ENABLE_NS_ASSERTIONS = NO;
				ENABLE_STRICT_OBJC_MSGSEND = YES;
				GCC_C_LANGUAGE_STANDARD = gnu11;
				GCC_NO_COMMON_BLOCKS = YES;
				GCC_WARN_64_TO_32_BIT_CONVERSION = YES;
				GCC_WARN_ABOUT_RETURN_TYPE = YES_ERROR;
				GCC_WARN_UNDECLARED_SELECTOR = YES;
				GCC_WARN_UNINITIALIZED_AUTOS = YES_AGGRESSIVE;
				GCC_WARN_UNUSED_FUNCTION = YES;
				GCC_WARN_UNUSED_VARIABLE = YES;
				IPHONEOS_DEPLOYMENT_TARGET = 14.3;
				MTL_ENABLE_DEBUG_INFO = NO;
				MTL_FAST_MATH = YES;
				SDKROOT = iphoneos;
				SWIFT_COMPILATION_MODE = wholemodule;
				SWIFT_OPTIMIZATION_LEVEL = "-O";
				SWIFT_VERSION = 5.0;
				VALIDATE_PRODUCT = YES;
			};
			name = Release;
		};
		189388B825F1EFA300F57E85 /* Debug */ = {
			isa = XCBuildConfiguration;
			baseConfigurationReference = 9CA929D2A63DB75BE794A2EE /* Pods-DoubtNut.debug.xcconfig */;
			buildSettings = {
				ASSETCATALOG_COMPILER_APPICON_NAME = AppIcon;
				ASSETCATALOG_COMPILER_GLOBAL_ACCENT_COLOR_NAME = AccentColor;
				CODE_SIGN_ENTITLEMENTS = DoubtNut/DoubtNut.entitlements;
				CODE_SIGN_IDENTITY = "Apple Development";
				CODE_SIGN_STYLE = Automatic;
				DEVELOPMENT_TEAM = RT5YKB6S89;
				INFOPLIST_FILE = DoubtNut/Info.plist;
				IPHONEOS_DEPLOYMENT_TARGET = 13.0;
				LD_RUNPATH_SEARCH_PATHS = (
					"$(inherited)",
					"@executable_path/Frameworks",
				);
				PRODUCT_BUNDLE_IDENTIFIER = com.doubtnut.act.sat.preparation.sat.practice.test.app.college.maths;
				PRODUCT_NAME = "$(TARGET_NAME)";
				PROVISIONING_PROFILE_SPECIFIER = "";
				SWIFT_VERSION = 5.0;
				TARGETED_DEVICE_FAMILY = "1,2";
			};
			name = Debug;
		};
		189388B925F1EFA300F57E85 /* Release */ = {
			isa = XCBuildConfiguration;
			baseConfigurationReference = 712C47300D8441315D7C3B2C /* Pods-DoubtNut.release.xcconfig */;
			buildSettings = {
				ASSETCATALOG_COMPILER_APPICON_NAME = AppIcon;
				ASSETCATALOG_COMPILER_GLOBAL_ACCENT_COLOR_NAME = AccentColor;
				CODE_SIGN_ENTITLEMENTS = DoubtNut/DoubtNut.entitlements;
				CODE_SIGN_IDENTITY = "Apple Development";
				CODE_SIGN_STYLE = Automatic;
				DEVELOPMENT_TEAM = RT5YKB6S89;
				INFOPLIST_FILE = DoubtNut/Info.plist;
				IPHONEOS_DEPLOYMENT_TARGET = 13.0;
				LD_RUNPATH_SEARCH_PATHS = (
					"$(inherited)",
					"@executable_path/Frameworks",
				);
				PRODUCT_BUNDLE_IDENTIFIER = com.doubtnut.act.sat.preparation.sat.practice.test.app.college.maths;
				PRODUCT_NAME = "$(TARGET_NAME)";
				PROVISIONING_PROFILE_SPECIFIER = "";
				SWIFT_VERSION = 5.0;
				TARGETED_DEVICE_FAMILY = "1,2";
			};
			name = Release;
		};
		189388BB25F1EFA300F57E85 /* Debug */ = {
			isa = XCBuildConfiguration;
			baseConfigurationReference = E0DDADA5D2ACB1B7A6655A85 /* Pods-DoubtNutTests.debug.xcconfig */;
			buildSettings = {
				ALWAYS_EMBED_SWIFT_STANDARD_LIBRARIES = YES;
				BUNDLE_LOADER = "$(TEST_HOST)";
				CODE_SIGN_STYLE = Automatic;
				INFOPLIST_FILE = DoubtNutTests/Info.plist;
				IPHONEOS_DEPLOYMENT_TARGET = 14.3;
				LD_RUNPATH_SEARCH_PATHS = (
					"$(inherited)",
					"@executable_path/Frameworks",
					"@loader_path/Frameworks",
				);
				PRODUCT_BUNDLE_IDENTIFIER = com.DoubtNutTests;
				PRODUCT_NAME = "$(TARGET_NAME)";
				SWIFT_VERSION = 5.0;
				TARGETED_DEVICE_FAMILY = "1,2";
				TEST_HOST = "$(BUILT_PRODUCTS_DIR)/DoubtNut.app/DoubtNut";
			};
			name = Debug;
		};
		189388BC25F1EFA300F57E85 /* Release */ = {
			isa = XCBuildConfiguration;
			baseConfigurationReference = 9CEAD305208C9F678B8017A4 /* Pods-DoubtNutTests.release.xcconfig */;
			buildSettings = {
				ALWAYS_EMBED_SWIFT_STANDARD_LIBRARIES = YES;
				BUNDLE_LOADER = "$(TEST_HOST)";
				CODE_SIGN_STYLE = Automatic;
				INFOPLIST_FILE = DoubtNutTests/Info.plist;
				IPHONEOS_DEPLOYMENT_TARGET = 14.3;
				LD_RUNPATH_SEARCH_PATHS = (
					"$(inherited)",
					"@executable_path/Frameworks",
					"@loader_path/Frameworks",
				);
				PRODUCT_BUNDLE_IDENTIFIER = com.DoubtNutTests;
				PRODUCT_NAME = "$(TARGET_NAME)";
				SWIFT_VERSION = 5.0;
				TARGETED_DEVICE_FAMILY = "1,2";
				TEST_HOST = "$(BUILT_PRODUCTS_DIR)/DoubtNut.app/DoubtNut";
			};
			name = Release;
		};
		189388BE25F1EFA300F57E85 /* Debug */ = {
			isa = XCBuildConfiguration;
			baseConfigurationReference = ED2E96365D0673557FAF0338 /* Pods-DoubtNut-DoubtNutUITests.debug.xcconfig */;
			buildSettings = {
				ALWAYS_EMBED_SWIFT_STANDARD_LIBRARIES = YES;
				CODE_SIGN_STYLE = Automatic;
				INFOPLIST_FILE = DoubtNutUITests/Info.plist;
				LD_RUNPATH_SEARCH_PATHS = (
					"$(inherited)",
					"@executable_path/Frameworks",
					"@loader_path/Frameworks",
				);
				PRODUCT_BUNDLE_IDENTIFIER = com.DoubtNutUITests;
				PRODUCT_NAME = "$(TARGET_NAME)";
				SWIFT_VERSION = 5.0;
				TARGETED_DEVICE_FAMILY = "1,2";
				TEST_TARGET_NAME = DoubtNut;
			};
			name = Debug;
		};
		189388BF25F1EFA300F57E85 /* Release */ = {
			isa = XCBuildConfiguration;
			baseConfigurationReference = 02F817D4B72F0A1FA4B1A4F7 /* Pods-DoubtNut-DoubtNutUITests.release.xcconfig */;
			buildSettings = {
				ALWAYS_EMBED_SWIFT_STANDARD_LIBRARIES = YES;
				CODE_SIGN_STYLE = Automatic;
				INFOPLIST_FILE = DoubtNutUITests/Info.plist;
				LD_RUNPATH_SEARCH_PATHS = (
					"$(inherited)",
					"@executable_path/Frameworks",
					"@loader_path/Frameworks",
				);
				PRODUCT_BUNDLE_IDENTIFIER = com.DoubtNutUITests;
				PRODUCT_NAME = "$(TARGET_NAME)";
				SWIFT_VERSION = 5.0;
				TARGETED_DEVICE_FAMILY = "1,2";
				TEST_TARGET_NAME = DoubtNut;
			};
			name = Release;
		};
/* End XCBuildConfiguration section */

/* Begin XCConfigurationList section */
		1893888825F1EFA000F57E85 /* Build configuration list for PBXProject "DoubtNut" */ = {
			isa = XCConfigurationList;
			buildConfigurations = (
				189388B525F1EFA300F57E85 /* Debug */,
				189388B625F1EFA300F57E85 /* Release */,
			);
			defaultConfigurationIsVisible = 0;
			defaultConfigurationName = Release;
		};
		189388B725F1EFA300F57E85 /* Build configuration list for PBXNativeTarget "DoubtNut" */ = {
			isa = XCConfigurationList;
			buildConfigurations = (
				189388B825F1EFA300F57E85 /* Debug */,
				189388B925F1EFA300F57E85 /* Release */,
			);
			defaultConfigurationIsVisible = 0;
			defaultConfigurationName = Release;
		};
		189388BA25F1EFA300F57E85 /* Build configuration list for PBXNativeTarget "DoubtNutTests" */ = {
			isa = XCConfigurationList;
			buildConfigurations = (
				189388BB25F1EFA300F57E85 /* Debug */,
				189388BC25F1EFA300F57E85 /* Release */,
			);
			defaultConfigurationIsVisible = 0;
			defaultConfigurationName = Release;
		};
		189388BD25F1EFA300F57E85 /* Build configuration list for PBXNativeTarget "DoubtNutUITests" */ = {
			isa = XCConfigurationList;
			buildConfigurations = (
				189388BE25F1EFA300F57E85 /* Debug */,
				189388BF25F1EFA300F57E85 /* Release */,
			);
			defaultConfigurationIsVisible = 0;
			defaultConfigurationName = Release;
		};
/* End XCConfigurationList section */

		
			/* Begin PBXBuildRule section */
			

			
	
			/* End PBXBuildRule section */
		
		
	};
	rootObject = 1893888525F1EFA000F57E85 /* Project object */;
}
